// !$*UTF8*$!
{
	archiveVersion = 1;
	classes = {
	};
	objectVersion = 46;
	objects = {

/* Begin PBXBuildFile section */
		22004C1F1970E2F2000BA368 /* User.swift in Sources */ = {isa = PBXBuildFile; fileRef = 22004C1E1970E2F2000BA368 /* User.swift */; };
		22004C221970E411000BA368 /* UserDao.swift in Sources */ = {isa = PBXBuildFile; fileRef = 22004C211970E411000BA368 /* UserDao.swift */; };
		22004C2419710C6E000BA368 /* UserService.swift in Sources */ = {isa = PBXBuildFile; fileRef = 22004C2319710C6E000BA368 /* UserService.swift */; };
		22004C2719710F0D000BA368 /* SignUpViewController.swift in Sources */ = {isa = PBXBuildFile; fileRef = 22004C2619710F0D000BA368 /* SignUpViewController.swift */; };
		22004C2919710F22000BA368 /* User.storyboard in Resources */ = {isa = PBXBuildFile; fileRef = 22004C2819710F22000BA368 /* User.storyboard */; };
		22004C2B19711192000BA368 /* EmailViewController.swift in Sources */ = {isa = PBXBuildFile; fileRef = 22004C2A19711192000BA368 /* EmailViewController.swift */; };
		22004C2D197111A6000BA368 /* PasswordViewController.swift in Sources */ = {isa = PBXBuildFile; fileRef = 22004C2C197111A6000BA368 /* PasswordViewController.swift */; };
		22004C2F197111BA000BA368 /* ConfirmPasswordViewController.swift in Sources */ = {isa = PBXBuildFile; fileRef = 22004C2E197111BA000BA368 /* ConfirmPasswordViewController.swift */; };
		22019D70196A3E7F002DE462 /* UIMenuBar.m in Sources */ = {isa = PBXBuildFile; fileRef = 22019D6D196A3E7F002DE462 /* UIMenuBar.m */; settings = {COMPILER_FLAGS = "-fno-objc-arc"; }; };
		22019D71196A3E7F002DE462 /* UIMenuBarItem.m in Sources */ = {isa = PBXBuildFile; fileRef = 22019D6F196A3E7F002DE462 /* UIMenuBarItem.m */; settings = {COMPILER_FLAGS = "-fno-objc-arc"; }; };
		2204EF00196C0CBD00E18F5B /* LIProgressHUD.m in Sources */ = {isa = PBXBuildFile; fileRef = 2204EEFF196C0CBD00E18F5B /* LIProgressHUD.m */; };
		2204EF2A196C36C000E18F5B /* QuartzCore.framework in Frameworks */ = {isa = PBXBuildFile; fileRef = 2204EF29196C36C000E18F5B /* QuartzCore.framework */; };
		2204EF2C196C36C700E18F5B /* CoreLocation.framework in Frameworks */ = {isa = PBXBuildFile; fileRef = 2204EF2B196C36C700E18F5B /* CoreLocation.framework */; };
		2204EF2E196C36D100E18F5B /* SystemConfiguration.framework in Frameworks */ = {isa = PBXBuildFile; fileRef = 2204EF2D196C36D100E18F5B /* SystemConfiguration.framework */; };
		2204EF30196C36D700E18F5B /* CoreTelephony.framework in Frameworks */ = {isa = PBXBuildFile; fileRef = 2204EF2F196C36D700E18F5B /* CoreTelephony.framework */; };
		2204EF32196C36DE00E18F5B /* OpenGLES.framework in Frameworks */ = {isa = PBXBuildFile; fileRef = 2204EF31196C36DE00E18F5B /* OpenGLES.framework */; };
		2204EF36196C36EF00E18F5B /* Security.framework in Frameworks */ = {isa = PBXBuildFile; fileRef = 2204EF35196C36EF00E18F5B /* Security.framework */; settings = {ATTRIBUTES = (Required, ); }; };
		2209A730194A92CD00DEA18B /* DiaryModefyViewController.swift in Sources */ = {isa = PBXBuildFile; fileRef = 2209A72F194A92CD00DEA18B /* DiaryModefyViewController.swift */; };
		2209A741194ABCD900DEA18B /* DiaryCell.xib in Resources */ = {isa = PBXBuildFile; fileRef = 2209A740194ABCD900DEA18B /* DiaryCell.xib */; };
		2209A743194ABEC600DEA18B /* DiaryCell.swift in Sources */ = {isa = PBXBuildFile; fileRef = 2209A742194ABEC600DEA18B /* DiaryCell.swift */; };
		2209A746194AF9A500DEA18B /* Diary.swift in Sources */ = {isa = PBXBuildFile; fileRef = 2209A745194AF9A500DEA18B /* Diary.swift */; };
		222D6D28196949E2009C4EC4 /* DiaryListTableViewController.swift in Sources */ = {isa = PBXBuildFile; fileRef = 222D6D27196949E2009C4EC4 /* DiaryListTableViewController.swift */; };
		223C50F5196396510048AF71 /* libsqlite3.dylib in Frameworks */ = {isa = PBXBuildFile; fileRef = 223C50F4196396510048AF71 /* libsqlite3.dylib */; };
		224EC213196F65DF00E77638 /* WeatherCollectionViewController.swift in Sources */ = {isa = PBXBuildFile; fileRef = 224EC211196F65DF00E77638 /* WeatherCollectionViewController.swift */; };
		224EC21D196FB39300E77638 /* FaceCollectionViewController.swift in Sources */ = {isa = PBXBuildFile; fileRef = 224EC21C196FB39300E77638 /* FaceCollectionViewController.swift */; };
		224EC260196FB5F600E77638 /* expression.plist in Resources */ = {isa = PBXBuildFile; fileRef = 224EC221196FB5F600E77638 /* expression.plist */; };
		225A40BF1952C422008E0E00 /* DiaryService.swift in Sources */ = {isa = PBXBuildFile; fileRef = 225A40BE1952C422008E0E00 /* DiaryService.swift */; };
		2263E9E7197A34B30060CFB2 /* MAMapKit.framework in Frameworks */ = {isa = PBXBuildFile; fileRef = 2263E9E6197A34B30060CFB2 /* MAMapKit.framework */; };
		2273D63E194982AD00409B84 /* AppDelegate.swift in Sources */ = {isa = PBXBuildFile; fileRef = 2273D63D194982AD00409B84 /* AppDelegate.swift */; };
		2273D643194982AD00409B84 /* Main.storyboard in Resources */ = {isa = PBXBuildFile; fileRef = 2273D641194982AD00409B84 /* Main.storyboard */; };
		2273D645194982AD00409B84 /* Images.xcassets in Resources */ = {isa = PBXBuildFile; fileRef = 2273D644194982AD00409B84 /* Images.xcassets */; };
		2273D651194982AD00409B84 /* SwiftStudy3Tests.swift in Sources */ = {isa = PBXBuildFile; fileRef = 2273D650194982AD00409B84 /* SwiftStudy3Tests.swift */; };
		228D13B6195291D700654855 /* DiaryList.plist in Resources */ = {isa = PBXBuildFile; fileRef = 228D13B5195291D600654855 /* DiaryList.plist */; };
		228D13B91952A1C500654855 /* DiaryDao.swift in Sources */ = {isa = PBXBuildFile; fileRef = 228D13B81952A1C500654855 /* DiaryDao.swift */; };
		22A624F71973D3060087E733 /* SetTableViewController.swift in Sources */ = {isa = PBXBuildFile; fileRef = 22A624F61973D3060087E733 /* SetTableViewController.swift */; };
		22A624F91973D68A0087E733 /* SetTableViewCell.xib in Resources */ = {isa = PBXBuildFile; fileRef = 22A624F81973D68A0087E733 /* SetTableViewCell.xib */; };
		22A624FB1973D6AE0087E733 /* SetTableViewCell.swift in Sources */ = {isa = PBXBuildFile; fileRef = 22A624FA1973D6AE0087E733 /* SetTableViewCell.swift */; };
		22A624FE1973DADA0087E733 /* Set2TableViewCell.swift in Sources */ = {isa = PBXBuildFile; fileRef = 22A624FC1973DADA0087E733 /* Set2TableViewCell.swift */; };
		22A624FF1973DADA0087E733 /* Set2TableViewCell.xib in Resources */ = {isa = PBXBuildFile; fileRef = 22A624FD1973DADA0087E733 /* Set2TableViewCell.xib */; };
		22BDC3F8196E74BB0004F432 /* Li_ImageViewer.swift in Sources */ = {isa = PBXBuildFile; fileRef = 22BDC3F7196E74BB0004F432 /* Li_ImageViewer.swift */; };
		22CA831419761A8000435381 /* TapPasswordView.m in Sources */ = {isa = PBXBuildFile; fileRef = 22CA831119761A8000435381 /* TapPasswordView.m */; settings = {COMPILER_FLAGS = "-fno-objc-arc"; }; };
		22CA831719761BFA00435381 /* PrivacySetViewController.swift in Sources */ = {isa = PBXBuildFile; fileRef = 22CA831519761BFA00435381 /* PrivacySetViewController.swift */; };
		22CA831A197620CC00435381 /* SwitchCell.xib in Resources */ = {isa = PBXBuildFile; fileRef = 22CA8319197620CC00435381 /* SwitchCell.xib */; };
		22CA831C1976217500435381 /* SwitchCell.swift in Sources */ = {isa = PBXBuildFile; fileRef = 22CA831B1976217500435381 /* SwitchCell.swift */; };
		22CA831E197655C900435381 /* SetTapPasswordViewController.swift in Sources */ = {isa = PBXBuildFile; fileRef = 22CA831D197655C900435381 /* SetTapPasswordViewController.swift */; };
		22D3ABB419518748003DFCC9 /* Li_common.swift in Sources */ = {isa = PBXBuildFile; fileRef = 22D3ABB319518748003DFCC9 /* Li_common.swift */; };
		22E6A7941970230C006368BF /* weatherPList.plist in Resources */ = {isa = PBXBuildFile; fileRef = 22E6A7931970230B006368BF /* weatherPList.plist */; };
		22F34BC4196D137E00DB0C40 /* AMap.bundle in Resources */ = {isa = PBXBuildFile; fileRef = 22F34BC3196D137E00DB0C40 /* AMap.bundle */; };
		22F34BCE196D33A300DB0C40 /* MapViewController.m in Sources */ = {isa = PBXBuildFile; fileRef = 22F34BCD196D33A300DB0C40 /* MapViewController.m */; };
		22F443BA1971292B00A10A4D /* UserDefault.swift in Sources */ = {isa = PBXBuildFile; fileRef = 22F443B91971292B00A10A4D /* UserDefault.swift */; };
		22F443BC1971512E00A10A4D /* SignInViewController.swift in Sources */ = {isa = PBXBuildFile; fileRef = 22F443BB1971512E00A10A4D /* SignInViewController.swift */; };
		22FD16FA1978159100AAF09E /* delete.png in Resources */ = {isa = PBXBuildFile; fileRef = 22FD16EE1978159100AAF09E /* delete.png */; };
		22FD16FB1978159100AAF09E /* diary.png in Resources */ = {isa = PBXBuildFile; fileRef = 22FD16EF1978159100AAF09E /* diary.png */; };
		22FD16FC1978159100AAF09E /* DongWay76.png in Resources */ = {isa = PBXBuildFile; fileRef = 22FD16F01978159100AAF09E /* DongWay76.png */; };
		22FD16FD1978159100AAF09E /* ic_tab_artists_selected@2x.png in Resources */ = {isa = PBXBuildFile; fileRef = 22FD16F11978159100AAF09E /* ic_tab_artists_selected@2x.png */; };
		22FD16FF1978159100AAF09E /* ic_tab_playlists_selected@2x.png in Resources */ = {isa = PBXBuildFile; fileRef = 22FD16F31978159100AAF09E /* ic_tab_playlists_selected@2x.png */; };
		22FD17011978159100AAF09E /* locate.png in Resources */ = {isa = PBXBuildFile; fileRef = 22FD16F51978159100AAF09E /* locate.png */; };
		22FD17021978159100AAF09E /* modify.png in Resources */ = {isa = PBXBuildFile; fileRef = 22FD16F61978159100AAF09E /* modify.png */; };
		22FD17031978159100AAF09E /* photo.png in Resources */ = {isa = PBXBuildFile; fileRef = 22FD16F71978159100AAF09E /* photo.png */; };
		22FD17041978159100AAF09E /* privacy.png in Resources */ = {isa = PBXBuildFile; fileRef = 22FD16F81978159100AAF09E /* privacy.png */; };
		22FD17051978159100AAF09E /* selectedLocate.png in Resources */ = {isa = PBXBuildFile; fileRef = 22FD16F91978159100AAF09E /* selectedLocate.png */; };
		22FD17461978159F00AAF09E /* Expression_1@2x.png in Resources */ = {isa = PBXBuildFile; fileRef = 22FD17081978159F00AAF09E /* Expression_1@2x.png */; };
		22FD17471978159F00AAF09E /* Expression_2@2x.png in Resources */ = {isa = PBXBuildFile; fileRef = 22FD17091978159F00AAF09E /* Expression_2@2x.png */; };
		22FD17481978159F00AAF09E /* Expression_3@2x.png in Resources */ = {isa = PBXBuildFile; fileRef = 22FD170A1978159F00AAF09E /* Expression_3@2x.png */; };
		22FD17491978159F00AAF09E /* Expression_4@2x.png in Resources */ = {isa = PBXBuildFile; fileRef = 22FD170B1978159F00AAF09E /* Expression_4@2x.png */; };
		22FD174A1978159F00AAF09E /* Expression_5@2x.png in Resources */ = {isa = PBXBuildFile; fileRef = 22FD170C1978159F00AAF09E /* Expression_5@2x.png */; };
		22FD174B1978159F00AAF09E /* Expression_6@2x.png in Resources */ = {isa = PBXBuildFile; fileRef = 22FD170D1978159F00AAF09E /* Expression_6@2x.png */; };
		22FD174C1978159F00AAF09E /* Expression_7@2x.png in Resources */ = {isa = PBXBuildFile; fileRef = 22FD170E1978159F00AAF09E /* Expression_7@2x.png */; };
		22FD174D1978159F00AAF09E /* Expression_8@2x.png in Resources */ = {isa = PBXBuildFile; fileRef = 22FD170F1978159F00AAF09E /* Expression_8@2x.png */; };
		22FD174E1978159F00AAF09E /* Expression_9@2x.png in Resources */ = {isa = PBXBuildFile; fileRef = 22FD17101978159F00AAF09E /* Expression_9@2x.png */; };
		22FD174F1978159F00AAF09E /* Expression_10@2x.png in Resources */ = {isa = PBXBuildFile; fileRef = 22FD17111978159F00AAF09E /* Expression_10@2x.png */; };
		22FD17501978159F00AAF09E /* Expression_11@2x.png in Resources */ = {isa = PBXBuildFile; fileRef = 22FD17121978159F00AAF09E /* Expression_11@2x.png */; };
		22FD17511978159F00AAF09E /* Expression_12@2x.png in Resources */ = {isa = PBXBuildFile; fileRef = 22FD17131978159F00AAF09E /* Expression_12@2x.png */; };
		22FD17521978159F00AAF09E /* Expression_13@2x.png in Resources */ = {isa = PBXBuildFile; fileRef = 22FD17141978159F00AAF09E /* Expression_13@2x.png */; };
		22FD17531978159F00AAF09E /* Expression_14@2x.png in Resources */ = {isa = PBXBuildFile; fileRef = 22FD17151978159F00AAF09E /* Expression_14@2x.png */; };
		22FD17541978159F00AAF09E /* Expression_15@2x.png in Resources */ = {isa = PBXBuildFile; fileRef = 22FD17161978159F00AAF09E /* Expression_15@2x.png */; };
		22FD17551978159F00AAF09E /* Expression_16@2x.png in Resources */ = {isa = PBXBuildFile; fileRef = 22FD17171978159F00AAF09E /* Expression_16@2x.png */; };
		22FD17561978159F00AAF09E /* Expression_17@2x.png in Resources */ = {isa = PBXBuildFile; fileRef = 22FD17181978159F00AAF09E /* Expression_17@2x.png */; };
		22FD17571978159F00AAF09E /* Expression_18@2x.png in Resources */ = {isa = PBXBuildFile; fileRef = 22FD17191978159F00AAF09E /* Expression_18@2x.png */; };
		22FD17581978159F00AAF09E /* Expression_19@2x.png in Resources */ = {isa = PBXBuildFile; fileRef = 22FD171A1978159F00AAF09E /* Expression_19@2x.png */; };
		22FD17591978159F00AAF09E /* Expression_20@2x.png in Resources */ = {isa = PBXBuildFile; fileRef = 22FD171B1978159F00AAF09E /* Expression_20@2x.png */; };
		22FD175A1978159F00AAF09E /* Expression_21@2x.png in Resources */ = {isa = PBXBuildFile; fileRef = 22FD171C1978159F00AAF09E /* Expression_21@2x.png */; };
		22FD175B1978159F00AAF09E /* Expression_22@2x.png in Resources */ = {isa = PBXBuildFile; fileRef = 22FD171D1978159F00AAF09E /* Expression_22@2x.png */; };
		22FD175C1978159F00AAF09E /* Expression_23@2x.png in Resources */ = {isa = PBXBuildFile; fileRef = 22FD171E1978159F00AAF09E /* Expression_23@2x.png */; };
		22FD175D1978159F00AAF09E /* Expression_24@2x.png in Resources */ = {isa = PBXBuildFile; fileRef = 22FD171F1978159F00AAF09E /* Expression_24@2x.png */; };
		22FD175E1978159F00AAF09E /* Expression_25@2x.png in Resources */ = {isa = PBXBuildFile; fileRef = 22FD17201978159F00AAF09E /* Expression_25@2x.png */; };
		22FD175F1978159F00AAF09E /* Expression_26@2x.png in Resources */ = {isa = PBXBuildFile; fileRef = 22FD17211978159F00AAF09E /* Expression_26@2x.png */; };
		22FD17601978159F00AAF09E /* Expression_27@2x.png in Resources */ = {isa = PBXBuildFile; fileRef = 22FD17221978159F00AAF09E /* Expression_27@2x.png */; };
		22FD17611978159F00AAF09E /* Expression_28@2x.png in Resources */ = {isa = PBXBuildFile; fileRef = 22FD17231978159F00AAF09E /* Expression_28@2x.png */; };
		22FD17621978159F00AAF09E /* Expression_29@2x.png in Resources */ = {isa = PBXBuildFile; fileRef = 22FD17241978159F00AAF09E /* Expression_29@2x.png */; };
		22FD17631978159F00AAF09E /* Expression_30@2x.png in Resources */ = {isa = PBXBuildFile; fileRef = 22FD17251978159F00AAF09E /* Expression_30@2x.png */; };
		22FD17641978159F00AAF09E /* Expression_31@2x.png in Resources */ = {isa = PBXBuildFile; fileRef = 22FD17261978159F00AAF09E /* Expression_31@2x.png */; };
		22FD17651978159F00AAF09E /* Expression_32@2x.png in Resources */ = {isa = PBXBuildFile; fileRef = 22FD17271978159F00AAF09E /* Expression_32@2x.png */; };
		22FD17661978159F00AAF09E /* Expression_33@2x.png in Resources */ = {isa = PBXBuildFile; fileRef = 22FD17281978159F00AAF09E /* Expression_33@2x.png */; };
		22FD17671978159F00AAF09E /* Expression_34@2x.png in Resources */ = {isa = PBXBuildFile; fileRef = 22FD17291978159F00AAF09E /* Expression_34@2x.png */; };
		22FD17681978159F00AAF09E /* Expression_35@2x.png in Resources */ = {isa = PBXBuildFile; fileRef = 22FD172A1978159F00AAF09E /* Expression_35@2x.png */; };
		22FD17691978159F00AAF09E /* Expression_36@2x.png in Resources */ = {isa = PBXBuildFile; fileRef = 22FD172B1978159F00AAF09E /* Expression_36@2x.png */; };
		22FD176A1978159F00AAF09E /* Expression_37@2x.png in Resources */ = {isa = PBXBuildFile; fileRef = 22FD172C1978159F00AAF09E /* Expression_37@2x.png */; };
		22FD176B1978159F00AAF09E /* Expression_38@2x.png in Resources */ = {isa = PBXBuildFile; fileRef = 22FD172D1978159F00AAF09E /* Expression_38@2x.png */; };
		22FD176C1978159F00AAF09E /* Expression_39@2x.png in Resources */ = {isa = PBXBuildFile; fileRef = 22FD172E1978159F00AAF09E /* Expression_39@2x.png */; };
		22FD178B197815A900AAF09E /* weather1.png in Resources */ = {isa = PBXBuildFile; fileRef = 22FD1782197815A900AAF09E /* weather1.png */; };
		22FD178C197815A900AAF09E /* weather2.png in Resources */ = {isa = PBXBuildFile; fileRef = 22FD1783197815A900AAF09E /* weather2.png */; };
		22FD178D197815A900AAF09E /* weather3.png in Resources */ = {isa = PBXBuildFile; fileRef = 22FD1784197815A900AAF09E /* weather3.png */; };
		22FD178E197815A900AAF09E /* weather4.png in Resources */ = {isa = PBXBuildFile; fileRef = 22FD1785197815A900AAF09E /* weather4.png */; };
		22FD178F197815A900AAF09E /* weather5.png in Resources */ = {isa = PBXBuildFile; fileRef = 22FD1786197815A900AAF09E /* weather5.png */; };
		22FD1790197815A900AAF09E /* weather6.png in Resources */ = {isa = PBXBuildFile; fileRef = 22FD1787197815A900AAF09E /* weather6.png */; };
		22FD1791197815A900AAF09E /* weather7.png in Resources */ = {isa = PBXBuildFile; fileRef = 22FD1788197815A900AAF09E /* weather7.png */; };
		22FD1792197815A900AAF09E /* weather8.png in Resources */ = {isa = PBXBuildFile; fileRef = 22FD1789197815A900AAF09E /* weather8.png */; };
		22FD1793197815A900AAF09E /* weather9.png in Resources */ = {isa = PBXBuildFile; fileRef = 22FD178A197815A900AAF09E /* weather9.png */; };
		22FD1796197815BB00AAF09E /* 5.png in Resources */ = {isa = PBXBuildFile; fileRef = 22FD1794197815BB00AAF09E /* 5.png */; };
		22FD1797197815BB00AAF09E /* 21.png in Resources */ = {isa = PBXBuildFile; fileRef = 22FD1795197815BB00AAF09E /* 21.png */; };
		22FD179C197815D500AAF09E /* error.png in Resources */ = {isa = PBXBuildFile; fileRef = 22FD1798197815D500AAF09E /* error.png */; };
		22FD179D197815D500AAF09E /* error@2x.png in Resources */ = {isa = PBXBuildFile; fileRef = 22FD1799197815D500AAF09E /* error@2x.png */; };
		22FD179E197815D500AAF09E /* success.png in Resources */ = {isa = PBXBuildFile; fileRef = 22FD179A197815D500AAF09E /* success.png */; };
		22FD179F197815D500AAF09E /* success@2x.png in Resources */ = {isa = PBXBuildFile; fileRef = 22FD179B197815D500AAF09E /* success@2x.png */; };
		22FD17A31978178800AAF09E /* DongWay120.png in Resources */ = {isa = PBXBuildFile; fileRef = 22FD17A21978178800AAF09E /* DongWay120.png */; };
		22FEB252196CF28400FD8C94 /* libstdc++.6.0.9.dylib in Frameworks */ = {isa = PBXBuildFile; fileRef = 22FEB251196CF28400FD8C94 /* libstdc++.6.0.9.dylib */; };
		22FEB25A196CF4C300FD8C94 /* libz.dylib in Frameworks */ = {isa = PBXBuildFile; fileRef = 22FEB259196CF4C300FD8C94 /* libz.dylib */; };
/* End PBXBuildFile section */

/* Begin PBXContainerItemProxy section */
		2273D64B194982AD00409B84 /* PBXContainerItemProxy */ = {
			isa = PBXContainerItemProxy;
			containerPortal = 2273D630194982AD00409B84 /* Project object */;
			proxyType = 1;
			remoteGlobalIDString = 2273D637194982AD00409B84;
			remoteInfo = SwiftStudy3;
		};
		228D13B119527A6600654855 /* PBXContainerItemProxy */ = {
			isa = PBXContainerItemProxy;
			containerPortal = 2273D630194982AD00409B84 /* Project object */;
			proxyType = 1;
			remoteGlobalIDString = 2273D637194982AD00409B84;
			remoteInfo = SwiftStudy3;
		};
		228D13B319527A6600654855 /* PBXContainerItemProxy */ = {
			isa = PBXContainerItemProxy;
			containerPortal = 2273D630194982AD00409B84 /* Project object */;
			proxyType = 1;
			remoteGlobalIDString = 2273D637194982AD00409B84;
			remoteInfo = SwiftStudy3;
		};
/* End PBXContainerItemProxy section */

/* Begin PBXFileReference section */
		22004C1E1970E2F2000BA368 /* User.swift */ = {isa = PBXFileReference; fileEncoding = 4; lastKnownFileType = sourcecode.swift; path = User.swift; sourceTree = "<group>"; };
		22004C211970E411000BA368 /* UserDao.swift */ = {isa = PBXFileReference; fileEncoding = 4; lastKnownFileType = sourcecode.swift; path = UserDao.swift; sourceTree = "<group>"; };
		22004C2319710C6E000BA368 /* UserService.swift */ = {isa = PBXFileReference; fileEncoding = 4; lastKnownFileType = sourcecode.swift; path = UserService.swift; sourceTree = "<group>"; };
		22004C2619710F0D000BA368 /* SignUpViewController.swift */ = {isa = PBXFileReference; fileEncoding = 4; lastKnownFileType = sourcecode.swift; path = SignUpViewController.swift; sourceTree = "<group>"; };
		22004C2819710F22000BA368 /* User.storyboard */ = {isa = PBXFileReference; fileEncoding = 4; lastKnownFileType = file.storyboard; path = User.storyboard; sourceTree = "<group>"; };
		22004C2A19711192000BA368 /* EmailViewController.swift */ = {isa = PBXFileReference; fileEncoding = 4; lastKnownFileType = sourcecode.swift; path = EmailViewController.swift; sourceTree = "<group>"; };
		22004C2C197111A6000BA368 /* PasswordViewController.swift */ = {isa = PBXFileReference; fileEncoding = 4; lastKnownFileType = sourcecode.swift; path = PasswordViewController.swift; sourceTree = "<group>"; };
		22004C2E197111BA000BA368 /* ConfirmPasswordViewController.swift */ = {isa = PBXFileReference; fileEncoding = 4; lastKnownFileType = sourcecode.swift; path = ConfirmPasswordViewController.swift; sourceTree = "<group>"; };
		22019D6C196A3E7F002DE462 /* UIMenuBar.h */ = {isa = PBXFileReference; fileEncoding = 4; lastKnownFileType = sourcecode.c.h; name = UIMenuBar.h; path = tool/UIMenuBar/UIMenuBar.h; sourceTree = "<group>"; };
		22019D6D196A3E7F002DE462 /* UIMenuBar.m */ = {isa = PBXFileReference; fileEncoding = 4; lastKnownFileType = sourcecode.c.objc; name = UIMenuBar.m; path = tool/UIMenuBar/UIMenuBar.m; sourceTree = "<group>"; };
		22019D6E196A3E7F002DE462 /* UIMenuBarItem.h */ = {isa = PBXFileReference; fileEncoding = 4; lastKnownFileType = sourcecode.c.h; name = UIMenuBarItem.h; path = tool/UIMenuBar/UIMenuBarItem.h; sourceTree = "<group>"; };
		22019D6F196A3E7F002DE462 /* UIMenuBarItem.m */ = {isa = PBXFileReference; fileEncoding = 4; lastKnownFileType = sourcecode.c.objc; name = UIMenuBarItem.m; path = tool/UIMenuBar/UIMenuBarItem.m; sourceTree = "<group>"; };
		2204EEFE196C0CBD00E18F5B /* LIProgressHUD.h */ = {isa = PBXFileReference; fileEncoding = 4; lastKnownFileType = sourcecode.c.h; name = LIProgressHUD.h; path = tool/ProgressHUD/LIProgressHUD.h; sourceTree = "<group>"; };
		2204EEFF196C0CBD00E18F5B /* LIProgressHUD.m */ = {isa = PBXFileReference; fileEncoding = 4; lastKnownFileType = sourcecode.c.objc; name = LIProgressHUD.m; path = tool/ProgressHUD/LIProgressHUD.m; sourceTree = "<group>"; };
		2204EF29196C36C000E18F5B /* QuartzCore.framework */ = {isa = PBXFileReference; lastKnownFileType = wrapper.framework; name = QuartzCore.framework; path = System/Library/Frameworks/QuartzCore.framework; sourceTree = SDKROOT; };
		2204EF2B196C36C700E18F5B /* CoreLocation.framework */ = {isa = PBXFileReference; lastKnownFileType = wrapper.framework; name = CoreLocation.framework; path = System/Library/Frameworks/CoreLocation.framework; sourceTree = SDKROOT; };
		2204EF2D196C36D100E18F5B /* SystemConfiguration.framework */ = {isa = PBXFileReference; lastKnownFileType = wrapper.framework; name = SystemConfiguration.framework; path = System/Library/Frameworks/SystemConfiguration.framework; sourceTree = SDKROOT; };
		2204EF2F196C36D700E18F5B /* CoreTelephony.framework */ = {isa = PBXFileReference; lastKnownFileType = wrapper.framework; name = CoreTelephony.framework; path = System/Library/Frameworks/CoreTelephony.framework; sourceTree = SDKROOT; };
		2204EF31196C36DE00E18F5B /* OpenGLES.framework */ = {isa = PBXFileReference; lastKnownFileType = wrapper.framework; name = OpenGLES.framework; path = System/Library/Frameworks/OpenGLES.framework; sourceTree = SDKROOT; };
		2204EF35196C36EF00E18F5B /* Security.framework */ = {isa = PBXFileReference; lastKnownFileType = wrapper.framework; name = Security.framework; path = System/Library/Frameworks/Security.framework; sourceTree = SDKROOT; };
		2209A72F194A92CD00DEA18B /* DiaryModefyViewController.swift */ = {isa = PBXFileReference; fileEncoding = 4; lastKnownFileType = sourcecode.swift; path = DiaryModefyViewController.swift; sourceTree = "<group>"; };
		2209A740194ABCD900DEA18B /* DiaryCell.xib */ = {isa = PBXFileReference; fileEncoding = 4; lastKnownFileType = file.xib; path = DiaryCell.xib; sourceTree = "<group>"; };
		2209A742194ABEC600DEA18B /* DiaryCell.swift */ = {isa = PBXFileReference; fileEncoding = 4; lastKnownFileType = sourcecode.swift; path = DiaryCell.swift; sourceTree = "<group>"; };
		2209A745194AF9A500DEA18B /* Diary.swift */ = {isa = PBXFileReference; fileEncoding = 4; lastKnownFileType = sourcecode.swift; path = Diary.swift; sourceTree = "<group>"; };
		222D6D27196949E2009C4EC4 /* DiaryListTableViewController.swift */ = {isa = PBXFileReference; fileEncoding = 4; lastKnownFileType = sourcecode.swift; path = DiaryListTableViewController.swift; sourceTree = "<group>"; };
		223C50F4196396510048AF71 /* libsqlite3.dylib */ = {isa = PBXFileReference; lastKnownFileType = "compiled.mach-o.dylib"; name = libsqlite3.dylib; path = usr/lib/libsqlite3.dylib; sourceTree = SDKROOT; };
		223C50F61963967E0048AF71 /* Mixed-Bridging.h */ = {isa = PBXFileReference; lastKnownFileType = sourcecode.c.h; path = "Mixed-Bridging.h"; sourceTree = "<group>"; };
		224EC211196F65DF00E77638 /* WeatherCollectionViewController.swift */ = {isa = PBXFileReference; fileEncoding = 4; lastKnownFileType = sourcecode.swift; path = WeatherCollectionViewController.swift; sourceTree = "<group>"; };
		224EC21C196FB39300E77638 /* FaceCollectionViewController.swift */ = {isa = PBXFileReference; fileEncoding = 4; lastKnownFileType = sourcecode.swift; path = FaceCollectionViewController.swift; sourceTree = "<group>"; };
		224EC221196FB5F600E77638 /* expression.plist */ = {isa = PBXFileReference; fileEncoding = 4; lastKnownFileType = text.plist.xml; path = expression.plist; sourceTree = "<group>"; };
		225A40BE1952C422008E0E00 /* DiaryService.swift */ = {isa = PBXFileReference; fileEncoding = 4; lastKnownFileType = sourcecode.swift; name = DiaryService.swift; path = Service/DiaryService.swift; sourceTree = "<group>"; };
		2263E9E6197A34B30060CFB2 /* MAMapKit.framework */ = {isa = PBXFileReference; lastKnownFileType = wrapper.framework; name = MAMapKit.framework; path = ../MAMapKit.framework; sourceTree = "<group>"; };
		2273D638194982AD00409B84 /* DongwayDiary.app */ = {isa = PBXFileReference; explicitFileType = wrapper.application; includeInIndex = 0; path = DongwayDiary.app; sourceTree = BUILT_PRODUCTS_DIR; };
		2273D63C194982AD00409B84 /* Info.plist */ = {isa = PBXFileReference; lastKnownFileType = text.plist.xml; path = Info.plist; sourceTree = "<group>"; };
		2273D63D194982AD00409B84 /* AppDelegate.swift */ = {isa = PBXFileReference; lastKnownFileType = sourcecode.swift; path = AppDelegate.swift; sourceTree = "<group>"; };
		2273D642194982AD00409B84 /* Base */ = {isa = PBXFileReference; lastKnownFileType = file.storyboard; name = Base; path = Base.lproj/Main.storyboard; sourceTree = "<group>"; };
		2273D644194982AD00409B84 /* Images.xcassets */ = {isa = PBXFileReference; lastKnownFileType = folder.assetcatalog; path = Images.xcassets; sourceTree = "<group>"; };
		2273D64A194982AD00409B84 /* DongwayDiaryTests.xctest */ = {isa = PBXFileReference; explicitFileType = wrapper.cfbundle; includeInIndex = 0; path = DongwayDiaryTests.xctest; sourceTree = BUILT_PRODUCTS_DIR; };
		2273D64F194982AD00409B84 /* Info.plist */ = {isa = PBXFileReference; lastKnownFileType = text.plist.xml; path = Info.plist; sourceTree = "<group>"; };
		2273D650194982AD00409B84 /* SwiftStudy3Tests.swift */ = {isa = PBXFileReference; lastKnownFileType = sourcecode.swift; path = SwiftStudy3Tests.swift; sourceTree = "<group>"; };
		228D13B5195291D600654855 /* DiaryList.plist */ = {isa = PBXFileReference; fileEncoding = 4; lastKnownFileType = text.plist.xml; path = DiaryList.plist; sourceTree = "<group>"; };
		228D13B81952A1C500654855 /* DiaryDao.swift */ = {isa = PBXFileReference; fileEncoding = 4; lastKnownFileType = sourcecode.swift; name = DiaryDao.swift; path = Dao/DiaryDao.swift; sourceTree = "<group>"; };
		22A624F61973D3060087E733 /* SetTableViewController.swift */ = {isa = PBXFileReference; fileEncoding = 4; lastKnownFileType = sourcecode.swift; path = SetTableViewController.swift; sourceTree = "<group>"; };
		22A624F81973D68A0087E733 /* SetTableViewCell.xib */ = {isa = PBXFileReference; fileEncoding = 4; lastKnownFileType = file.xib; path = SetTableViewCell.xib; sourceTree = "<group>"; };
		22A624FA1973D6AE0087E733 /* SetTableViewCell.swift */ = {isa = PBXFileReference; fileEncoding = 4; lastKnownFileType = sourcecode.swift; path = SetTableViewCell.swift; sourceTree = "<group>"; };
		22A624FC1973DADA0087E733 /* Set2TableViewCell.swift */ = {isa = PBXFileReference; fileEncoding = 4; lastKnownFileType = sourcecode.swift; path = Set2TableViewCell.swift; sourceTree = "<group>"; };
		22A624FD1973DADA0087E733 /* Set2TableViewCell.xib */ = {isa = PBXFileReference; fileEncoding = 4; lastKnownFileType = file.xib; path = Set2TableViewCell.xib; sourceTree = "<group>"; };
		22BDC3F7196E74BB0004F432 /* Li_ImageViewer.swift */ = {isa = PBXFileReference; fileEncoding = 4; lastKnownFileType = sourcecode.swift; path = Li_ImageViewer.swift; sourceTree = "<group>"; };
		22CA831019761A8000435381 /* TapPasswordView.h */ = {isa = PBXFileReference; fileEncoding = 4; lastKnownFileType = sourcecode.c.h; path = TapPasswordView.h; sourceTree = "<group>"; };
		22CA831119761A8000435381 /* TapPasswordView.m */ = {isa = PBXFileReference; fileEncoding = 4; lastKnownFileType = sourcecode.c.objc; path = TapPasswordView.m; sourceTree = "<group>"; };
		22CA831519761BFA00435381 /* PrivacySetViewController.swift */ = {isa = PBXFileReference; fileEncoding = 4; lastKnownFileType = sourcecode.swift; path = PrivacySetViewController.swift; sourceTree = "<group>"; };
		22CA8319197620CC00435381 /* SwitchCell.xib */ = {isa = PBXFileReference; fileEncoding = 4; lastKnownFileType = file.xib; path = SwitchCell.xib; sourceTree = "<group>"; };
		22CA831B1976217500435381 /* SwitchCell.swift */ = {isa = PBXFileReference; fileEncoding = 4; lastKnownFileType = sourcecode.swift; path = SwitchCell.swift; sourceTree = "<group>"; };
		22CA831D197655C900435381 /* SetTapPasswordViewController.swift */ = {isa = PBXFileReference; fileEncoding = 4; lastKnownFileType = sourcecode.swift; path = SetTapPasswordViewController.swift; sourceTree = "<group>"; };
		22D3ABB319518748003DFCC9 /* Li_common.swift */ = {isa = PBXFileReference; fileEncoding = 4; lastKnownFileType = sourcecode.swift; name = Li_common.swift; path = tool/Li_common.swift; sourceTree = "<group>"; };
		22E6A7931970230B006368BF /* weatherPList.plist */ = {isa = PBXFileReference; fileEncoding = 4; lastKnownFileType = text.plist.xml; path = weatherPList.plist; sourceTree = "<group>"; };
		22F34BC3196D137E00DB0C40 /* AMap.bundle */ = {isa = PBXFileReference; lastKnownFileType = "wrapper.plug-in"; name = AMap.bundle; path = ../AMap.bundle; sourceTree = "<group>"; };
		22F34BCC196D33A300DB0C40 /* MapViewController.h */ = {isa = PBXFileReference; fileEncoding = 4; lastKnownFileType = sourcecode.c.h; path = MapViewController.h; sourceTree = "<group>"; };
		22F34BCD196D33A300DB0C40 /* MapViewController.m */ = {isa = PBXFileReference; fileEncoding = 4; lastKnownFileType = sourcecode.c.objc; path = MapViewController.m; sourceTree = "<group>"; };
		22F443B91971292B00A10A4D /* UserDefault.swift */ = {isa = PBXFileReference; fileEncoding = 4; lastKnownFileType = sourcecode.swift; path = UserDefault.swift; sourceTree = "<group>"; };
		22F443BB1971512E00A10A4D /* SignInViewController.swift */ = {isa = PBXFileReference; fileEncoding = 4; lastKnownFileType = sourcecode.swift; path = SignInViewController.swift; sourceTree = "<group>"; };
		22FD16EE1978159100AAF09E /* delete.png */ = {isa = PBXFileReference; lastKnownFileType = image.png; path = delete.png; sourceTree = "<group>"; };
		22FD16EF1978159100AAF09E /* diary.png */ = {isa = PBXFileReference; lastKnownFileType = image.png; path = diary.png; sourceTree = "<group>"; };
		22FD16F01978159100AAF09E /* DongWay76.png */ = {isa = PBXFileReference; lastKnownFileType = image.png; path = DongWay76.png; sourceTree = "<group>"; };
		22FD16F11978159100AAF09E /* ic_tab_artists_selected@2x.png */ = {isa = PBXFileReference; lastKnownFileType = image.png; path = "ic_tab_artists_selected@2x.png"; sourceTree = "<group>"; };
		22FD16F31978159100AAF09E /* ic_tab_playlists_selected@2x.png */ = {isa = PBXFileReference; lastKnownFileType = image.png; path = "ic_tab_playlists_selected@2x.png"; sourceTree = "<group>"; };
		22FD16F51978159100AAF09E /* locate.png */ = {isa = PBXFileReference; lastKnownFileType = image.png; path = locate.png; sourceTree = "<group>"; };
		22FD16F61978159100AAF09E /* modify.png */ = {isa = PBXFileReference; lastKnownFileType = image.png; path = modify.png; sourceTree = "<group>"; };
		22FD16F71978159100AAF09E /* photo.png */ = {isa = PBXFileReference; lastKnownFileType = image.png; path = photo.png; sourceTree = "<group>"; };
		22FD16F81978159100AAF09E /* privacy.png */ = {isa = PBXFileReference; lastKnownFileType = image.png; path = privacy.png; sourceTree = "<group>"; };
		22FD16F91978159100AAF09E /* selectedLocate.png */ = {isa = PBXFileReference; lastKnownFileType = image.png; path = selectedLocate.png; sourceTree = "<group>"; };
		22FD17081978159F00AAF09E /* Expression_1@2x.png */ = {isa = PBXFileReference; lastKnownFileType = image.png; path = "Expression_1@2x.png"; sourceTree = "<group>"; };
		22FD17091978159F00AAF09E /* Expression_2@2x.png */ = {isa = PBXFileReference; lastKnownFileType = image.png; path = "Expression_2@2x.png"; sourceTree = "<group>"; };
		22FD170A1978159F00AAF09E /* Expression_3@2x.png */ = {isa = PBXFileReference; lastKnownFileType = image.png; path = "Expression_3@2x.png"; sourceTree = "<group>"; };
		22FD170B1978159F00AAF09E /* Expression_4@2x.png */ = {isa = PBXFileReference; lastKnownFileType = image.png; path = "Expression_4@2x.png"; sourceTree = "<group>"; };
		22FD170C1978159F00AAF09E /* Expression_5@2x.png */ = {isa = PBXFileReference; lastKnownFileType = image.png; path = "Expression_5@2x.png"; sourceTree = "<group>"; };
		22FD170D1978159F00AAF09E /* Expression_6@2x.png */ = {isa = PBXFileReference; lastKnownFileType = image.png; path = "Expression_6@2x.png"; sourceTree = "<group>"; };
		22FD170E1978159F00AAF09E /* Expression_7@2x.png */ = {isa = PBXFileReference; lastKnownFileType = image.png; path = "Expression_7@2x.png"; sourceTree = "<group>"; };
		22FD170F1978159F00AAF09E /* Expression_8@2x.png */ = {isa = PBXFileReference; lastKnownFileType = image.png; path = "Expression_8@2x.png"; sourceTree = "<group>"; };
		22FD17101978159F00AAF09E /* Expression_9@2x.png */ = {isa = PBXFileReference; lastKnownFileType = image.png; path = "Expression_9@2x.png"; sourceTree = "<group>"; };
		22FD17111978159F00AAF09E /* Expression_10@2x.png */ = {isa = PBXFileReference; lastKnownFileType = image.png; path = "Expression_10@2x.png"; sourceTree = "<group>"; };
		22FD17121978159F00AAF09E /* Expression_11@2x.png */ = {isa = PBXFileReference; lastKnownFileType = image.png; path = "Expression_11@2x.png"; sourceTree = "<group>"; };
		22FD17131978159F00AAF09E /* Expression_12@2x.png */ = {isa = PBXFileReference; lastKnownFileType = image.png; path = "Expression_12@2x.png"; sourceTree = "<group>"; };
		22FD17141978159F00AAF09E /* Expression_13@2x.png */ = {isa = PBXFileReference; lastKnownFileType = image.png; path = "Expression_13@2x.png"; sourceTree = "<group>"; };
		22FD17151978159F00AAF09E /* Expression_14@2x.png */ = {isa = PBXFileReference; lastKnownFileType = image.png; path = "Expression_14@2x.png"; sourceTree = "<group>"; };
		22FD17161978159F00AAF09E /* Expression_15@2x.png */ = {isa = PBXFileReference; lastKnownFileType = image.png; path = "Expression_15@2x.png"; sourceTree = "<group>"; };
		22FD17171978159F00AAF09E /* Expression_16@2x.png */ = {isa = PBXFileReference; lastKnownFileType = image.png; path = "Expression_16@2x.png"; sourceTree = "<group>"; };
		22FD17181978159F00AAF09E /* Expression_17@2x.png */ = {isa = PBXFileReference; lastKnownFileType = image.png; path = "Expression_17@2x.png"; sourceTree = "<group>"; };
		22FD17191978159F00AAF09E /* Expression_18@2x.png */ = {isa = PBXFileReference; lastKnownFileType = image.png; path = "Expression_18@2x.png"; sourceTree = "<group>"; };
		22FD171A1978159F00AAF09E /* Expression_19@2x.png */ = {isa = PBXFileReference; lastKnownFileType = image.png; path = "Expression_19@2x.png"; sourceTree = "<group>"; };
		22FD171B1978159F00AAF09E /* Expression_20@2x.png */ = {isa = PBXFileReference; lastKnownFileType = image.png; path = "Expression_20@2x.png"; sourceTree = "<group>"; };
		22FD171C1978159F00AAF09E /* Expression_21@2x.png */ = {isa = PBXFileReference; lastKnownFileType = image.png; path = "Expression_21@2x.png"; sourceTree = "<group>"; };
		22FD171D1978159F00AAF09E /* Expression_22@2x.png */ = {isa = PBXFileReference; lastKnownFileType = image.png; path = "Expression_22@2x.png"; sourceTree = "<group>"; };
		22FD171E1978159F00AAF09E /* Expression_23@2x.png */ = {isa = PBXFileReference; lastKnownFileType = image.png; path = "Expression_23@2x.png"; sourceTree = "<group>"; };
		22FD171F1978159F00AAF09E /* Expression_24@2x.png */ = {isa = PBXFileReference; lastKnownFileType = image.png; path = "Expression_24@2x.png"; sourceTree = "<group>"; };
		22FD17201978159F00AAF09E /* Expression_25@2x.png */ = {isa = PBXFileReference; lastKnownFileType = image.png; path = "Expression_25@2x.png"; sourceTree = "<group>"; };
		22FD17211978159F00AAF09E /* Expression_26@2x.png */ = {isa = PBXFileReference; lastKnownFileType = image.png; path = "Expression_26@2x.png"; sourceTree = "<group>"; };
		22FD17221978159F00AAF09E /* Expression_27@2x.png */ = {isa = PBXFileReference; lastKnownFileType = image.png; path = "Expression_27@2x.png"; sourceTree = "<group>"; };
		22FD17231978159F00AAF09E /* Expression_28@2x.png */ = {isa = PBXFileReference; lastKnownFileType = image.png; path = "Expression_28@2x.png"; sourceTree = "<group>"; };
		22FD17241978159F00AAF09E /* Expression_29@2x.png */ = {isa = PBXFileReference; lastKnownFileType = image.png; path = "Expression_29@2x.png"; sourceTree = "<group>"; };
		22FD17251978159F00AAF09E /* Expression_30@2x.png */ = {isa = PBXFileReference; lastKnownFileType = image.png; path = "Expression_30@2x.png"; sourceTree = "<group>"; };
		22FD17261978159F00AAF09E /* Expression_31@2x.png */ = {isa = PBXFileReference; lastKnownFileType = image.png; path = "Expression_31@2x.png"; sourceTree = "<group>"; };
		22FD17271978159F00AAF09E /* Expression_32@2x.png */ = {isa = PBXFileReference; lastKnownFileType = image.png; path = "Expression_32@2x.png"; sourceTree = "<group>"; };
		22FD17281978159F00AAF09E /* Expression_33@2x.png */ = {isa = PBXFileReference; lastKnownFileType = image.png; path = "Expression_33@2x.png"; sourceTree = "<group>"; };
		22FD17291978159F00AAF09E /* Expression_34@2x.png */ = {isa = PBXFileReference; lastKnownFileType = image.png; path = "Expression_34@2x.png"; sourceTree = "<group>"; };
		22FD172A1978159F00AAF09E /* Expression_35@2x.png */ = {isa = PBXFileReference; lastKnownFileType = image.png; path = "Expression_35@2x.png"; sourceTree = "<group>"; };
		22FD172B1978159F00AAF09E /* Expression_36@2x.png */ = {isa = PBXFileReference; lastKnownFileType = image.png; path = "Expression_36@2x.png"; sourceTree = "<group>"; };
		22FD172C1978159F00AAF09E /* Expression_37@2x.png */ = {isa = PBXFileReference; lastKnownFileType = image.png; path = "Expression_37@2x.png"; sourceTree = "<group>"; };
		22FD172D1978159F00AAF09E /* Expression_38@2x.png */ = {isa = PBXFileReference; lastKnownFileType = image.png; path = "Expression_38@2x.png"; sourceTree = "<group>"; };
		22FD172E1978159F00AAF09E /* Expression_39@2x.png */ = {isa = PBXFileReference; lastKnownFileType = image.png; path = "Expression_39@2x.png"; sourceTree = "<group>"; };
		22FD1782197815A900AAF09E /* weather1.png */ = {isa = PBXFileReference; lastKnownFileType = image.png; path = weather1.png; sourceTree = "<group>"; };
		22FD1783197815A900AAF09E /* weather2.png */ = {isa = PBXFileReference; lastKnownFileType = image.png; path = weather2.png; sourceTree = "<group>"; };
		22FD1784197815A900AAF09E /* weather3.png */ = {isa = PBXFileReference; lastKnownFileType = image.png; path = weather3.png; sourceTree = "<group>"; };
		22FD1785197815A900AAF09E /* weather4.png */ = {isa = PBXFileReference; lastKnownFileType = image.png; path = weather4.png; sourceTree = "<group>"; };
		22FD1786197815A900AAF09E /* weather5.png */ = {isa = PBXFileReference; lastKnownFileType = image.png; path = weather5.png; sourceTree = "<group>"; };
		22FD1787197815A900AAF09E /* weather6.png */ = {isa = PBXFileReference; lastKnownFileType = image.png; path = weather6.png; sourceTree = "<group>"; };
		22FD1788197815A900AAF09E /* weather7.png */ = {isa = PBXFileReference; lastKnownFileType = image.png; path = weather7.png; sourceTree = "<group>"; };
		22FD1789197815A900AAF09E /* weather8.png */ = {isa = PBXFileReference; lastKnownFileType = image.png; path = weather8.png; sourceTree = "<group>"; };
		22FD178A197815A900AAF09E /* weather9.png */ = {isa = PBXFileReference; lastKnownFileType = image.png; path = weather9.png; sourceTree = "<group>"; };
		22FD1794197815BB00AAF09E /* 5.png */ = {isa = PBXFileReference; lastKnownFileType = image.png; path = 5.png; sourceTree = "<group>"; };
		22FD1795197815BB00AAF09E /* 21.png */ = {isa = PBXFileReference; lastKnownFileType = image.png; path = 21.png; sourceTree = "<group>"; };
		22FD1798197815D500AAF09E /* error.png */ = {isa = PBXFileReference; lastKnownFileType = image.png; name = error.png; path = tool/ProgressHUD/error.png; sourceTree = "<group>"; };
		22FD1799197815D500AAF09E /* error@2x.png */ = {isa = PBXFileReference; lastKnownFileType = image.png; name = "error@2x.png"; path = "tool/ProgressHUD/error@2x.png"; sourceTree = "<group>"; };
		22FD179A197815D500AAF09E /* success.png */ = {isa = PBXFileReference; lastKnownFileType = image.png; name = success.png; path = tool/ProgressHUD/success.png; sourceTree = "<group>"; };
		22FD179B197815D500AAF09E /* success@2x.png */ = {isa = PBXFileReference; lastKnownFileType = image.png; name = "success@2x.png"; path = "tool/ProgressHUD/success@2x.png"; sourceTree = "<group>"; };
		22FD17A21978178800AAF09E /* DongWay120.png */ = {isa = PBXFileReference; lastKnownFileType = image.png; path = DongWay120.png; sourceTree = "<group>"; };
		22FEB251196CF28400FD8C94 /* libstdc++.6.0.9.dylib */ = {isa = PBXFileReference; lastKnownFileType = "compiled.mach-o.dylib"; name = "libstdc++.6.0.9.dylib"; path = "usr/lib/libstdc++.6.0.9.dylib"; sourceTree = SDKROOT; };
		22FEB259196CF4C300FD8C94 /* libz.dylib */ = {isa = PBXFileReference; lastKnownFileType = "compiled.mach-o.dylib"; name = libz.dylib; path = usr/lib/libz.dylib; sourceTree = SDKROOT; };
/* End PBXFileReference section */

/* Begin PBXFrameworksBuildPhase section */
		2273D635194982AD00409B84 /* Frameworks */ = {
			isa = PBXFrameworksBuildPhase;
			buildActionMask = 2147483647;
			files = (
				2263E9E7197A34B30060CFB2 /* MAMapKit.framework in Frameworks */,
				22FEB25A196CF4C300FD8C94 /* libz.dylib in Frameworks */,
				22FEB252196CF28400FD8C94 /* libstdc++.6.0.9.dylib in Frameworks */,
				2204EF36196C36EF00E18F5B /* Security.framework in Frameworks */,
				2204EF32196C36DE00E18F5B /* OpenGLES.framework in Frameworks */,
				2204EF30196C36D700E18F5B /* CoreTelephony.framework in Frameworks */,
				2204EF2E196C36D100E18F5B /* SystemConfiguration.framework in Frameworks */,
				2204EF2C196C36C700E18F5B /* CoreLocation.framework in Frameworks */,
				2204EF2A196C36C000E18F5B /* QuartzCore.framework in Frameworks */,
				223C50F5196396510048AF71 /* libsqlite3.dylib in Frameworks */,
			);
			runOnlyForDeploymentPostprocessing = 0;
		};
		2273D647194982AD00409B84 /* Frameworks */ = {
			isa = PBXFrameworksBuildPhase;
			buildActionMask = 2147483647;
			files = (
			);
			runOnlyForDeploymentPostprocessing = 0;
		};
/* End PBXFrameworksBuildPhase section */

/* Begin PBXGroup section */
		22004C2519710EBB000BA368 /* user */ = {
			isa = PBXGroup;
			children = (
				22004C2A19711192000BA368 /* EmailViewController.swift */,
				22004C2C197111A6000BA368 /* PasswordViewController.swift */,
				22004C2E197111BA000BA368 /* ConfirmPasswordViewController.swift */,
				22004C2619710F0D000BA368 /* SignUpViewController.swift */,
				22F443BB1971512E00A10A4D /* SignInViewController.swift */,
			);
			name = user;
			sourceTree = "<group>";
		};
		22019D5B196A3D96002DE462 /* UIMenuBar */ = {
			isa = PBXGroup;
			children = (
				22019D6C196A3E7F002DE462 /* UIMenuBar.h */,
				22019D6D196A3E7F002DE462 /* UIMenuBar.m */,
				22019D6E196A3E7F002DE462 /* UIMenuBarItem.h */,
				22019D6F196A3E7F002DE462 /* UIMenuBarItem.m */,
			);
			name = UIMenuBar;
			sourceTree = "<group>";
		};
		220224FA197B5C27007C3525 /* Class */ = {
			isa = PBXGroup;
			children = (
				2273D63D194982AD00409B84 /* AppDelegate.swift */,
				22004C2819710F22000BA368 /* User.storyboard */,
				2273D641194982AD00409B84 /* Main.storyboard */,
				2273D65A1949904200409B84 /* diary */,
				22004C2519710EBB000BA368 /* user */,
				22A624F51973D2CD0087E733 /* Set */,
			);
			name = Class;
			sourceTree = "<group>";
		};
		2204EEFA196C0C1A00E18F5B /* ProgressHUD */ = {
			isa = PBXGroup;
			children = (
				22FD1798197815D500AAF09E /* error.png */,
				22FD1799197815D500AAF09E /* error@2x.png */,
				22FD179A197815D500AAF09E /* success.png */,
				22FD179B197815D500AAF09E /* success@2x.png */,
				2204EEFE196C0CBD00E18F5B /* LIProgressHUD.h */,
				2204EEFF196C0CBD00E18F5B /* LIProgressHUD.m */,
			);
			name = ProgressHUD;
			sourceTree = "<group>";
		};
		2204EF37196C36FA00E18F5B /* Map */ = {
			isa = PBXGroup;
			children = (
				2263E9E6197A34B30060CFB2 /* MAMapKit.framework */,
				22F34BC3196D137E00DB0C40 /* AMap.bundle */,
				22FEB259196CF4C300FD8C94 /* libz.dylib */,
				22FEB251196CF28400FD8C94 /* libstdc++.6.0.9.dylib */,
				2204EF35196C36EF00E18F5B /* Security.framework */,
				2204EF31196C36DE00E18F5B /* OpenGLES.framework */,
				2204EF2F196C36D700E18F5B /* CoreTelephony.framework */,
				2204EF2D196C36D100E18F5B /* SystemConfiguration.framework */,
				2204EF2B196C36C700E18F5B /* CoreLocation.framework */,
				2204EF29196C36C000E18F5B /* QuartzCore.framework */,
			);
			name = Map;
			sourceTree = "<group>";
		};
		2209A744194AF97000DEA18B /* Model */ = {
			isa = PBXGroup;
			children = (
				22F443B91971292B00A10A4D /* UserDefault.swift */,
				2209A745194AF9A500DEA18B /* Diary.swift */,
				22004C1E1970E2F2000BA368 /* User.swift */,
			);
			name = Model;
			sourceTree = "<group>";
		};
		223C50F3196396370048AF71 /* lib */ = {
			isa = PBXGroup;
			children = (
				2204EF37196C36FA00E18F5B /* Map */,
				223C50F4196396510048AF71 /* libsqlite3.dylib */,
			);
			name = lib;
			path = ..;
			sourceTree = "<group>";
		};
		224EC21E196FB5F600E77638 /* emoticon */ = {
			isa = PBXGroup;
			children = (
				22FD17081978159F00AAF09E /* Expression_1@2x.png */,
				22FD17091978159F00AAF09E /* Expression_2@2x.png */,
				22FD170A1978159F00AAF09E /* Expression_3@2x.png */,
				22FD170B1978159F00AAF09E /* Expression_4@2x.png */,
				22FD170C1978159F00AAF09E /* Expression_5@2x.png */,
				22FD170D1978159F00AAF09E /* Expression_6@2x.png */,
				22FD170E1978159F00AAF09E /* Expression_7@2x.png */,
				22FD170F1978159F00AAF09E /* Expression_8@2x.png */,
				22FD17101978159F00AAF09E /* Expression_9@2x.png */,
				22FD17111978159F00AAF09E /* Expression_10@2x.png */,
				22FD17121978159F00AAF09E /* Expression_11@2x.png */,
				22FD17131978159F00AAF09E /* Expression_12@2x.png */,
				22FD17141978159F00AAF09E /* Expression_13@2x.png */,
				22FD17151978159F00AAF09E /* Expression_14@2x.png */,
				22FD17161978159F00AAF09E /* Expression_15@2x.png */,
				22FD17171978159F00AAF09E /* Expression_16@2x.png */,
				22FD17181978159F00AAF09E /* Expression_17@2x.png */,
				22FD17191978159F00AAF09E /* Expression_18@2x.png */,
				22FD171A1978159F00AAF09E /* Expression_19@2x.png */,
				22FD171B1978159F00AAF09E /* Expression_20@2x.png */,
				22FD171C1978159F00AAF09E /* Expression_21@2x.png */,
				22FD171D1978159F00AAF09E /* Expression_22@2x.png */,
				22FD171E1978159F00AAF09E /* Expression_23@2x.png */,
				22FD171F1978159F00AAF09E /* Expression_24@2x.png */,
				22FD17201978159F00AAF09E /* Expression_25@2x.png */,
				22FD17211978159F00AAF09E /* Expression_26@2x.png */,
				22FD17221978159F00AAF09E /* Expression_27@2x.png */,
				22FD17231978159F00AAF09E /* Expression_28@2x.png */,
				22FD17241978159F00AAF09E /* Expression_29@2x.png */,
				22FD17251978159F00AAF09E /* Expression_30@2x.png */,
				22FD17261978159F00AAF09E /* Expression_31@2x.png */,
				22FD17271978159F00AAF09E /* Expression_32@2x.png */,
				22FD17281978159F00AAF09E /* Expression_33@2x.png */,
				22FD17291978159F00AAF09E /* Expression_34@2x.png */,
				22FD172A1978159F00AAF09E /* Expression_35@2x.png */,
				22FD172B1978159F00AAF09E /* Expression_36@2x.png */,
				22FD172C1978159F00AAF09E /* Expression_37@2x.png */,
				22FD172D1978159F00AAF09E /* Expression_38@2x.png */,
				22FD172E1978159F00AAF09E /* Expression_39@2x.png */,
				224EC221196FB5F600E77638 /* expression.plist */,
			);
			name = emoticon;
			path = ../emoticon;
			sourceTree = "<group>";
		};
		225A40BD1952C3F9008E0E00 /* Service */ = {
			isa = PBXGroup;
			children = (
				225A40BE1952C422008E0E00 /* DiaryService.swift */,
				22004C2319710C6E000BA368 /* UserService.swift */,
			);
			name = Service;
			sourceTree = "<group>";
		};
		2273D62F194982AD00409B84 = {
			isa = PBXGroup;
			children = (
				2273D63A194982AD00409B84 /* Diary */,
				2273D64D194982AD00409B84 /* SwiftStudy3Tests */,
				2273D639194982AD00409B84 /* Products */,
			);
			sourceTree = "<group>";
		};
		2273D639194982AD00409B84 /* Products */ = {
			isa = PBXGroup;
			children = (
				2273D638194982AD00409B84 /* DongwayDiary.app */,
				2273D64A194982AD00409B84 /* DongwayDiaryTests.xctest */,
			);
			name = Products;
			sourceTree = "<group>";
		};
		2273D63A194982AD00409B84 /* Diary */ = {
			isa = PBXGroup;
			children = (
				220224FA197B5C27007C3525 /* Class */,
				225A40BD1952C3F9008E0E00 /* Service */,
				228D13B71952A19300654855 /* Dao */,
				2209A744194AF97000DEA18B /* Model */,
				22D3ABB219518713003DFCC9 /* tool */,
				2273D66519499DE200409B84 /* source */,
				2273D644194982AD00409B84 /* Images.xcassets */,
				2273D63B194982AD00409B84 /* Supporting Files */,
			);
			name = Diary;
			path = SwiftStudy3;
			sourceTree = "<group>";
		};
		2273D63B194982AD00409B84 /* Supporting Files */ = {
			isa = PBXGroup;
			children = (
				2273D63C194982AD00409B84 /* Info.plist */,
				228D13B5195291D600654855 /* DiaryList.plist */,
				223C50F61963967E0048AF71 /* Mixed-Bridging.h */,
			);
			name = "Supporting Files";
			sourceTree = "<group>";
		};
		2273D64D194982AD00409B84 /* SwiftStudy3Tests */ = {
			isa = PBXGroup;
			children = (
				2273D650194982AD00409B84 /* SwiftStudy3Tests.swift */,
				2273D64E194982AD00409B84 /* Supporting Files */,
			);
			path = SwiftStudy3Tests;
			sourceTree = "<group>";
		};
		2273D64E194982AD00409B84 /* Supporting Files */ = {
			isa = PBXGroup;
			children = (
				2273D64F194982AD00409B84 /* Info.plist */,
			);
			name = "Supporting Files";
			sourceTree = "<group>";
		};
		2273D65A1949904200409B84 /* diary */ = {
			isa = PBXGroup;
			children = (
				222D6D27196949E2009C4EC4 /* DiaryListTableViewController.swift */,
				2209A72F194A92CD00DEA18B /* DiaryModefyViewController.swift */,
				2209A740194ABCD900DEA18B /* DiaryCell.xib */,
				2209A742194ABEC600DEA18B /* DiaryCell.swift */,
				22F34BCC196D33A300DB0C40 /* MapViewController.h */,
				22F34BCD196D33A300DB0C40 /* MapViewController.m */,
				224EC211196F65DF00E77638 /* WeatherCollectionViewController.swift */,
				224EC21C196FB39300E77638 /* FaceCollectionViewController.swift */,
			);
			name = diary;
			sourceTree = "<group>";
		};
		2273D66519499DE200409B84 /* source */ = {
			isa = PBXGroup;
			children = (
				223C50F3196396370048AF71 /* lib */,
				2273D66619499DE200409B84 /* images */,
			);
			path = source;
			sourceTree = "<group>";
		};
		2273D66619499DE200409B84 /* images */ = {
			isa = PBXGroup;
			children = (
				224EC21E196FB5F600E77638 /* emoticon */,
				22E6A77E197022EB006368BF /* weather */,
				22FD17A21978178800AAF09E /* DongWay120.png */,
				22FD16EE1978159100AAF09E /* delete.png */,
				22FD16EF1978159100AAF09E /* diary.png */,
				22FD16F01978159100AAF09E /* DongWay76.png */,
				22FD16F11978159100AAF09E /* ic_tab_artists_selected@2x.png */,
				22FD16F31978159100AAF09E /* ic_tab_playlists_selected@2x.png */,
				22FD16F51978159100AAF09E /* locate.png */,
				22FD16F61978159100AAF09E /* modify.png */,
				22FD16F71978159100AAF09E /* photo.png */,
				22FD16F81978159100AAF09E /* privacy.png */,
				22FD16F91978159100AAF09E /* selectedLocate.png */,
			);
			path = images;
			sourceTree = "<group>";
		};
		228D13B71952A19300654855 /* Dao */ = {
			isa = PBXGroup;
			children = (
				228D13B81952A1C500654855 /* DiaryDao.swift */,
				22004C211970E411000BA368 /* UserDao.swift */,
			);
			name = Dao;
			sourceTree = "<group>";
		};
		22A624F51973D2CD0087E733 /* Set */ = {
			isa = PBXGroup;
			children = (
				22A624F81973D68A0087E733 /* SetTableViewCell.xib */,
				22A624F61973D3060087E733 /* SetTableViewController.swift */,
				22A624FA1973D6AE0087E733 /* SetTableViewCell.swift */,
				22A624FC1973DADA0087E733 /* Set2TableViewCell.swift */,
				22A624FD1973DADA0087E733 /* Set2TableViewCell.xib */,
				22CA831519761BFA00435381 /* PrivacySetViewController.swift */,
				22CA8319197620CC00435381 /* SwitchCell.xib */,
				22CA831B1976217500435381 /* SwitchCell.swift */,
				22CA831D197655C900435381 /* SetTapPasswordViewController.swift */,
			);
			name = Set;
			sourceTree = "<group>";
		};
		22CA830D19761A6600435381 /* TapPasswordView */ = {
			isa = PBXGroup;
			children = (
				22FD1794197815BB00AAF09E /* 5.png */,
				22FD1795197815BB00AAF09E /* 21.png */,
				22CA831019761A8000435381 /* TapPasswordView.h */,
				22CA831119761A8000435381 /* TapPasswordView.m */,
			);
			name = TapPasswordView;
			sourceTree = "<group>";
		};
		22D3ABB219518713003DFCC9 /* tool */ = {
			isa = PBXGroup;
			children = (
				22CA830D19761A6600435381 /* TapPasswordView */,
				2204EEFA196C0C1A00E18F5B /* ProgressHUD */,
				22019D5B196A3D96002DE462 /* UIMenuBar */,
				22D3ABB319518748003DFCC9 /* Li_common.swift */,
				22BDC3F7196E74BB0004F432 /* Li_ImageViewer.swift */,
			);
			name = tool;
			sourceTree = "<group>";
		};
		22E6A77E197022EB006368BF /* weather */ = {
			isa = PBXGroup;
			children = (
				22FD1782197815A900AAF09E /* weather1.png */,
				22FD1783197815A900AAF09E /* weather2.png */,
				22FD1784197815A900AAF09E /* weather3.png */,
				22FD1785197815A900AAF09E /* weather4.png */,
				22FD1786197815A900AAF09E /* weather5.png */,
				22FD1787197815A900AAF09E /* weather6.png */,
				22FD1788197815A900AAF09E /* weather7.png */,
				22FD1789197815A900AAF09E /* weather8.png */,
				22FD178A197815A900AAF09E /* weather9.png */,
				22E6A7931970230B006368BF /* weatherPList.plist */,
			);
			name = weather;
			path = ../weather;
			sourceTree = "<group>";
		};
/* End PBXGroup section */

/* Begin PBXNativeTarget section */
		2273D637194982AD00409B84 /* DongwayDiary */ = {
			isa = PBXNativeTarget;
			buildConfigurationList = 2273D654194982AD00409B84 /* Build configuration list for PBXNativeTarget "DongwayDiary" */;
			buildPhases = (
				2273D634194982AD00409B84 /* Sources */,
				2273D635194982AD00409B84 /* Frameworks */,
				2273D636194982AD00409B84 /* Resources */,
			);
			buildRules = (
			);
			dependencies = (
			);
			name = DongwayDiary;
			productName = SwiftStudy3;
			productReference = 2273D638194982AD00409B84 /* DongwayDiary.app */;
			productType = "com.apple.product-type.application";
		};
		2273D649194982AD00409B84 /* DongwayDiaryTests */ = {
			isa = PBXNativeTarget;
			buildConfigurationList = 2273D657194982AD00409B84 /* Build configuration list for PBXNativeTarget "DongwayDiaryTests" */;
			buildPhases = (
				2273D646194982AD00409B84 /* Sources */,
				2273D647194982AD00409B84 /* Frameworks */,
				2273D648194982AD00409B84 /* Resources */,
			);
			buildRules = (
			);
			dependencies = (
				2273D64C194982AD00409B84 /* PBXTargetDependency */,
				228D13B219527A6600654855 /* PBXTargetDependency */,
				228D13B419527A6600654855 /* PBXTargetDependency */,
			);
			name = DongwayDiaryTests;
			productName = SwiftStudy3Tests;
			productReference = 2273D64A194982AD00409B84 /* DongwayDiaryTests.xctest */;
			productType = "com.apple.product-type.bundle.unit-test";
		};
/* End PBXNativeTarget section */

/* Begin PBXProject section */
		2273D630194982AD00409B84 /* Project object */ = {
			isa = PBXProject;
			attributes = {
				LastUpgradeCheck = 0600;
				ORGANIZATIONNAME = dongway;
				TargetAttributes = {
					2273D637194982AD00409B84 = {
						CreatedOnToolsVersion = 6.0;
						DevelopmentTeam = 4QF3FC6299;
					};
					2273D649194982AD00409B84 = {
						CreatedOnToolsVersion = 6.0;
						TestTargetID = 2273D637194982AD00409B84;
					};
				};
			};
			buildConfigurationList = 2273D633194982AD00409B84 /* Build configuration list for PBXProject "DongwayDiary" */;
			compatibilityVersion = "Xcode 3.2";
			developmentRegion = English;
			hasScannedForEncodings = 0;
			knownRegions = (
				en,
				Base,
			);
			mainGroup = 2273D62F194982AD00409B84;
			productRefGroup = 2273D639194982AD00409B84 /* Products */;
			projectDirPath = "";
			projectRoot = "";
			targets = (
				2273D637194982AD00409B84 /* DongwayDiary */,
				2273D649194982AD00409B84 /* DongwayDiaryTests */,
			);
		};
/* End PBXProject section */

/* Begin PBXResourcesBuildPhase section */
		2273D636194982AD00409B84 /* Resources */ = {
			isa = PBXResourcesBuildPhase;
			buildActionMask = 2147483647;
			files = (
				22FD17461978159F00AAF09E /* Expression_1@2x.png in Resources */,
				22FD16FA1978159100AAF09E /* delete.png in Resources */,
				22FD1792197815A900AAF09E /* weather8.png in Resources */,
				22FD1790197815A900AAF09E /* weather6.png in Resources */,
				22FD17551978159F00AAF09E /* Expression_16@2x.png in Resources */,
				22FD17591978159F00AAF09E /* Expression_20@2x.png in Resources */,
				22FD17681978159F00AAF09E /* Expression_35@2x.png in Resources */,
				22FD17501978159F00AAF09E /* Expression_11@2x.png in Resources */,
				22FD17621978159F00AAF09E /* Expression_29@2x.png in Resources */,
				22FD178F197815A900AAF09E /* weather5.png in Resources */,
				22FD17601978159F00AAF09E /* Expression_27@2x.png in Resources */,
				22FD17611978159F00AAF09E /* Expression_28@2x.png in Resources */,
				22FD174F1978159F00AAF09E /* Expression_10@2x.png in Resources */,
				22FD178E197815A900AAF09E /* weather4.png in Resources */,
				22FD174B1978159F00AAF09E /* Expression_6@2x.png in Resources */,
				22FD17651978159F00AAF09E /* Expression_32@2x.png in Resources */,
				22FD1796197815BB00AAF09E /* 5.png in Resources */,
				22FD176A1978159F00AAF09E /* Expression_37@2x.png in Resources */,
				224EC260196FB5F600E77638 /* expression.plist in Resources */,
				22FD179D197815D500AAF09E /* error@2x.png in Resources */,
				22FD17041978159100AAF09E /* privacy.png in Resources */,
				22FD17A31978178800AAF09E /* DongWay120.png in Resources */,
				22A624F91973D68A0087E733 /* SetTableViewCell.xib in Resources */,
				22FD17511978159F00AAF09E /* Expression_12@2x.png in Resources */,
				22FD17631978159F00AAF09E /* Expression_30@2x.png in Resources */,
				22FD17051978159100AAF09E /* selectedLocate.png in Resources */,
				2273D643194982AD00409B84 /* Main.storyboard in Resources */,
				22FD17571978159F00AAF09E /* Expression_18@2x.png in Resources */,
				22FD17531978159F00AAF09E /* Expression_14@2x.png in Resources */,
				22FD17581978159F00AAF09E /* Expression_19@2x.png in Resources */,
				22FD17641978159F00AAF09E /* Expression_31@2x.png in Resources */,
				22FD174A1978159F00AAF09E /* Expression_5@2x.png in Resources */,
				22FD175D1978159F00AAF09E /* Expression_24@2x.png in Resources */,
				22FD174E1978159F00AAF09E /* Expression_9@2x.png in Resources */,
				22E6A7941970230C006368BF /* weatherPList.plist in Resources */,
				22FD178D197815A900AAF09E /* weather3.png in Resources */,
				22FD17011978159100AAF09E /* locate.png in Resources */,
				22FD175C1978159F00AAF09E /* Expression_23@2x.png in Resources */,
				22FD179F197815D500AAF09E /* success@2x.png in Resources */,
				22FD17521978159F00AAF09E /* Expression_13@2x.png in Resources */,
				22FD17471978159F00AAF09E /* Expression_2@2x.png in Resources */,
				22FD16FB1978159100AAF09E /* diary.png in Resources */,
				22FD17661978159F00AAF09E /* Expression_33@2x.png in Resources */,
				22FD17541978159F00AAF09E /* Expression_15@2x.png in Resources */,
				22FD179C197815D500AAF09E /* error.png in Resources */,
				22FD17691978159F00AAF09E /* Expression_36@2x.png in Resources */,
				22FD175B1978159F00AAF09E /* Expression_22@2x.png in Resources */,
				22FD174D1978159F00AAF09E /* Expression_8@2x.png in Resources */,
				22FD1791197815A900AAF09E /* weather7.png in Resources */,
				22FD1793197815A900AAF09E /* weather9.png in Resources */,
				22FD17481978159F00AAF09E /* Expression_3@2x.png in Resources */,
				22FD16FF1978159100AAF09E /* ic_tab_playlists_selected@2x.png in Resources */,
				22004C2919710F22000BA368 /* User.storyboard in Resources */,
				22FD176C1978159F00AAF09E /* Expression_39@2x.png in Resources */,
				22FD17561978159F00AAF09E /* Expression_17@2x.png in Resources */,
				22F34BC4196D137E00DB0C40 /* AMap.bundle in Resources */,
				22A624FF1973DADA0087E733 /* Set2TableViewCell.xib in Resources */,
				22FD178C197815A900AAF09E /* weather2.png in Resources */,
				22FD178B197815A900AAF09E /* weather1.png in Resources */,
				2209A741194ABCD900DEA18B /* DiaryCell.xib in Resources */,
				22FD179E197815D500AAF09E /* success.png in Resources */,
				22FD174C1978159F00AAF09E /* Expression_7@2x.png in Resources */,
				22FD17031978159100AAF09E /* photo.png in Resources */,
				22FD16FC1978159100AAF09E /* DongWay76.png in Resources */,
				2273D645194982AD00409B84 /* Images.xcassets in Resources */,
				22FD17671978159F00AAF09E /* Expression_34@2x.png in Resources */,
				22FD175E1978159F00AAF09E /* Expression_25@2x.png in Resources */,
				22CA831A197620CC00435381 /* SwitchCell.xib in Resources */,
				22FD17021978159100AAF09E /* modify.png in Resources */,
				22FD17491978159F00AAF09E /* Expression_4@2x.png in Resources */,
				22FD175A1978159F00AAF09E /* Expression_21@2x.png in Resources */,
				22FD16FD1978159100AAF09E /* ic_tab_artists_selected@2x.png in Resources */,
				22FD1797197815BB00AAF09E /* 21.png in Resources */,
				22FD176B1978159F00AAF09E /* Expression_38@2x.png in Resources */,
				228D13B6195291D700654855 /* DiaryList.plist in Resources */,
				22FD175F1978159F00AAF09E /* Expression_26@2x.png in Resources */,
			);
			runOnlyForDeploymentPostprocessing = 0;
		};
		2273D648194982AD00409B84 /* Resources */ = {
			isa = PBXResourcesBuildPhase;
			buildActionMask = 2147483647;
			files = (
			);
			runOnlyForDeploymentPostprocessing = 0;
		};
/* End PBXResourcesBuildPhase section */

/* Begin PBXSourcesBuildPhase section */
		2273D634194982AD00409B84 /* Sources */ = {
			isa = PBXSourcesBuildPhase;
			buildActionMask = 2147483647;
			files = (
				22CA831E197655C900435381 /* SetTapPasswordViewController.swift in Sources */,
				22A624FB1973D6AE0087E733 /* SetTableViewCell.swift in Sources */,
				22019D70196A3E7F002DE462 /* UIMenuBar.m in Sources */,
				2209A730194A92CD00DEA18B /* DiaryModefyViewController.swift in Sources */,
				22004C2D197111A6000BA368 /* PasswordViewController.swift in Sources */,
				224EC21D196FB39300E77638 /* FaceCollectionViewController.swift in Sources */,
				22D3ABB419518748003DFCC9 /* Li_common.swift in Sources */,
				22CA831419761A8000435381 /* TapPasswordView.m in Sources */,
				2209A743194ABEC600DEA18B /* DiaryCell.swift in Sources */,
				2273D63E194982AD00409B84 /* AppDelegate.swift in Sources */,
				22F443BC1971512E00A10A4D /* SignInViewController.swift in Sources */,
				22F443BA1971292B00A10A4D /* UserDefault.swift in Sources */,
				22004C1F1970E2F2000BA368 /* User.swift in Sources */,
				22BDC3F8196E74BB0004F432 /* Li_ImageViewer.swift in Sources */,
				22CA831719761BFA00435381 /* PrivacySetViewController.swift in Sources */,
				22004C221970E411000BA368 /* UserDao.swift in Sources */,
				228D13B91952A1C500654855 /* DiaryDao.swift in Sources */,
				22019D71196A3E7F002DE462 /* UIMenuBarItem.m in Sources */,
				22004C2F197111BA000BA368 /* ConfirmPasswordViewController.swift in Sources */,
				2209A746194AF9A500DEA18B /* Diary.swift in Sources */,
				22004C2419710C6E000BA368 /* UserService.swift in Sources */,
				22A624FE1973DADA0087E733 /* Set2TableViewCell.swift in Sources */,
				22A624F71973D3060087E733 /* SetTableViewController.swift in Sources */,
				22004C2719710F0D000BA368 /* SignUpViewController.swift in Sources */,
				2204EF00196C0CBD00E18F5B /* LIProgressHUD.m in Sources */,
				224EC213196F65DF00E77638 /* WeatherCollectionViewController.swift in Sources */,
				222D6D28196949E2009C4EC4 /* DiaryListTableViewController.swift in Sources */,
				225A40BF1952C422008E0E00 /* DiaryService.swift in Sources */,
				22CA831C1976217500435381 /* SwitchCell.swift in Sources */,
				22004C2B19711192000BA368 /* EmailViewController.swift in Sources */,
				22F34BCE196D33A300DB0C40 /* MapViewController.m in Sources */,
			);
			runOnlyForDeploymentPostprocessing = 0;
		};
		2273D646194982AD00409B84 /* Sources */ = {
			isa = PBXSourcesBuildPhase;
			buildActionMask = 2147483647;
			files = (
				2273D651194982AD00409B84 /* SwiftStudy3Tests.swift in Sources */,
			);
			runOnlyForDeploymentPostprocessing = 0;
		};
/* End PBXSourcesBuildPhase section */

/* Begin PBXTargetDependency section */
		2273D64C194982AD00409B84 /* PBXTargetDependency */ = {
			isa = PBXTargetDependency;
			target = 2273D637194982AD00409B84 /* DongwayDiary */;
			targetProxy = 2273D64B194982AD00409B84 /* PBXContainerItemProxy */;
		};
		228D13B219527A6600654855 /* PBXTargetDependency */ = {
			isa = PBXTargetDependency;
			target = 2273D637194982AD00409B84 /* DongwayDiary */;
			targetProxy = 228D13B119527A6600654855 /* PBXContainerItemProxy */;
		};
		228D13B419527A6600654855 /* PBXTargetDependency */ = {
			isa = PBXTargetDependency;
			target = 2273D637194982AD00409B84 /* DongwayDiary */;
			targetProxy = 228D13B319527A6600654855 /* PBXContainerItemProxy */;
		};
/* End PBXTargetDependency section */

/* Begin PBXVariantGroup section */
		2273D641194982AD00409B84 /* Main.storyboard */ = {
			isa = PBXVariantGroup;
			children = (
				2273D642194982AD00409B84 /* Base */,
			);
			name = Main.storyboard;
			sourceTree = "<group>";
		};
/* End PBXVariantGroup section */

/* Begin XCBuildConfiguration section */
		2273D652194982AD00409B84 /* Debug */ = {
			isa = XCBuildConfiguration;
			buildSettings = {
				ALWAYS_SEARCH_USER_PATHS = NO;
				CLANG_CXX_LANGUAGE_STANDARD = "gnu++0x";
				CLANG_CXX_LIBRARY = "libc++";
				CLANG_ENABLE_MODULES = YES;
				CLANG_ENABLE_OBJC_ARC = YES;
				CLANG_WARN_BOOL_CONVERSION = YES;
				CLANG_WARN_CONSTANT_CONVERSION = YES;
				CLANG_WARN_DIRECT_OBJC_ISA_USAGE = YES_ERROR;
				CLANG_WARN_EMPTY_BODY = YES;
				CLANG_WARN_ENUM_CONVERSION = YES;
				CLANG_WARN_INT_CONVERSION = YES;
				CLANG_WARN_OBJC_ROOT_CLASS = YES_ERROR;
				CLANG_WARN_UNREACHABLE_CODE = YES;
				CLANG_WARN__DUPLICATE_METHOD_MATCH = YES;
				CODE_SIGN_IDENTITY = "iPhone Distribution: Dongway Technology Co.,Ltd (4QF3FC6299)";
				"CODE_SIGN_IDENTITY[sdk=iphoneos*]" = "iPhone Distribution: Dongway Technology Co.,Ltd (4QF3FC6299)";
				COPY_PHASE_STRIP = NO;
				ENABLE_STRICT_OBJC_MSGSEND = YES;
				GCC_C_LANGUAGE_STANDARD = gnu99;
				GCC_DYNAMIC_NO_PIC = NO;
				GCC_OPTIMIZATION_LEVEL = 0;
				GCC_PREPROCESSOR_DEFINITIONS = (
					"DEBUG=1",
					"$(inherited)",
				);
				GCC_SYMBOLS_PRIVATE_EXTERN = NO;
				GCC_WARN_64_TO_32_BIT_CONVERSION = YES;
				GCC_WARN_ABOUT_RETURN_TYPE = YES_ERROR;
				GCC_WARN_UNDECLARED_SELECTOR = YES;
				GCC_WARN_UNINITIALIZED_AUTOS = YES_AGGRESSIVE;
				GCC_WARN_UNUSED_FUNCTION = YES;
				GCC_WARN_UNUSED_VARIABLE = YES;
				IPHONEOS_DEPLOYMENT_TARGET = 7.1;
				METAL_ENABLE_DEBUG_INFO = YES;
				ONLY_ACTIVE_ARCH = YES;
				SDKROOT = iphoneos;
				SWIFT_OPTIMIZATION_LEVEL = "-Onone";
			};
			name = Debug;
		};
		2273D653194982AD00409B84 /* Release */ = {
			isa = XCBuildConfiguration;
			buildSettings = {
				ALWAYS_SEARCH_USER_PATHS = NO;
				CLANG_CXX_LANGUAGE_STANDARD = "gnu++0x";
				CLANG_CXX_LIBRARY = "libc++";
				CLANG_ENABLE_MODULES = YES;
				CLANG_ENABLE_OBJC_ARC = YES;
				CLANG_WARN_BOOL_CONVERSION = YES;
				CLANG_WARN_CONSTANT_CONVERSION = YES;
				CLANG_WARN_DIRECT_OBJC_ISA_USAGE = YES_ERROR;
				CLANG_WARN_EMPTY_BODY = YES;
				CLANG_WARN_ENUM_CONVERSION = YES;
				CLANG_WARN_INT_CONVERSION = YES;
				CLANG_WARN_OBJC_ROOT_CLASS = YES_ERROR;
				CLANG_WARN_UNREACHABLE_CODE = YES;
				CLANG_WARN__DUPLICATE_METHOD_MATCH = YES;
				CODE_SIGN_IDENTITY = "iPhone Distribution: Dongway Technology Co.,Ltd (4QF3FC6299)";
				"CODE_SIGN_IDENTITY[sdk=iphoneos*]" = "iPhone Distribution: Dongway Technology Co.,Ltd (4QF3FC6299)";
				COPY_PHASE_STRIP = YES;
				ENABLE_NS_ASSERTIONS = NO;
				ENABLE_STRICT_OBJC_MSGSEND = YES;
				GCC_C_LANGUAGE_STANDARD = gnu99;
				GCC_WARN_64_TO_32_BIT_CONVERSION = YES;
				GCC_WARN_ABOUT_RETURN_TYPE = YES_ERROR;
				GCC_WARN_UNDECLARED_SELECTOR = YES;
				GCC_WARN_UNINITIALIZED_AUTOS = YES_AGGRESSIVE;
				GCC_WARN_UNUSED_FUNCTION = YES;
				GCC_WARN_UNUSED_VARIABLE = YES;
				IPHONEOS_DEPLOYMENT_TARGET = 7.1;
				METAL_ENABLE_DEBUG_INFO = NO;
				SDKROOT = iphoneos;
				VALIDATE_PRODUCT = YES;
			};
			name = Release;
		};
		2273D655194982AD00409B84 /* Debug */ = {
			isa = XCBuildConfiguration;
			buildSettings = {
				ARCHS = "$(ARCHS_STANDARD)";
				ASSETCATALOG_COMPILER_APPICON_NAME = AppIcon;
				ASSETCATALOG_COMPILER_LAUNCHIMAGE_NAME = LaunchImage;
				CLANG_ENABLE_MODULES = YES;
				CODE_SIGN_IDENTITY = "iPhone Developer: Martin Martin (HQXHNBL3NG)";
				"CODE_SIGN_IDENTITY[sdk=iphoneos*]" = "iPhone Developer: Martin Martin (HQXHNBL3NG)";
				DEBUG_INFORMATION_FORMAT = dwarf;
				FRAMEWORK_SEARCH_PATHS = (
					"$(inherited)",
					/Users/Sam/Desktop/AMap_iOS_API_Lib_V2.2.1/3D,
					"$(PROJECT_DIR)",
				);
				INFOPLIST_FILE = SwiftStudy3/Info.plist;
				IPHONEOS_DEPLOYMENT_TARGET = 7.0;
				LD_RUNPATH_SEARCH_PATHS = "$(inherited) @executable_path/Frameworks";
				ONLY_ACTIVE_ARCH = NO;
				OTHER_LDFLAGS = "-ObjC";
				PRODUCT_NAME = DongwayDiary;
				PROVISIONING_PROFILE = "";
				SWIFT_OBJC_BRIDGING_HEADER = "SwiftStudy3/Mixed-Bridging.h";
				SWIFT_OPTIMIZATION_LEVEL = "-Onone";
				VALID_ARCHS = "armv7 armv7s";
			};
			name = Debug;
		};
		2273D656194982AD00409B84 /* Release */ = {
			isa = XCBuildConfiguration;
			buildSettings = {
				ARCHS = "$(ARCHS_STANDARD)";
				ASSETCATALOG_COMPILER_APPICON_NAME = AppIcon;
				ASSETCATALOG_COMPILER_LAUNCHIMAGE_NAME = LaunchImage;
				CLANG_ENABLE_MODULES = YES;
				CODE_SIGN_IDENTITY = "iPhone Developer: Martin Martin (HQXHNBL3NG)";
				"CODE_SIGN_IDENTITY[sdk=iphoneos*]" = "iPhone Developer: Martin Martin (HQXHNBL3NG)";
				DEBUG_INFORMATION_FORMAT = dwarf;
				FRAMEWORK_SEARCH_PATHS = (
					"$(inherited)",
					/Users/Sam/Desktop/AMap_iOS_API_Lib_V2.2.1/3D,
					"$(PROJECT_DIR)",
				);
				INFOPLIST_FILE = SwiftStudy3/Info.plist;
				IPHONEOS_DEPLOYMENT_TARGET = 7.0;
				LD_RUNPATH_SEARCH_PATHS = "$(inherited) @executable_path/Frameworks";
				ONLY_ACTIVE_ARCH = NO;
				OTHER_LDFLAGS = "-ObjC";
				PRODUCT_NAME = DongwayDiary;
				PROVISIONING_PROFILE = "";
				SWIFT_OBJC_BRIDGING_HEADER = "SwiftStudy3/Mixed-Bridging.h";
				VALID_ARCHS = "armv7 armv7s";
			};
			name = Release;
		};
		2273D658194982AD00409B84 /* Debug */ = {
			isa = XCBuildConfiguration;
			buildSettings = {
				BUNDLE_LOADER = "$(BUILT_PRODUCTS_DIR)/SwiftStudy3.app/SwiftStudy3";
				FRAMEWORK_SEARCH_PATHS = (
					"$(SDKROOT)/Developer/Library/Frameworks",
					"$(inherited)",
				);
				GCC_PREPROCESSOR_DEFINITIONS = (
					"DEBUG=1",
					"$(inherited)",
				);
				INFOPLIST_FILE = SwiftStudy3Tests/Info.plist;
				LD_RUNPATH_SEARCH_PATHS = "$(inherited) @executable_path/Frameworks @loader_path/Frameworks";
				METAL_ENABLE_DEBUG_INFO = YES;
				PRODUCT_NAME = DongwayDiaryTests;
				TEST_HOST = "$(BUNDLE_LOADER)";
			};
			name = Debug;
		};
		2273D659194982AD00409B84 /* Release */ = {
			isa = XCBuildConfiguration;
			buildSettings = {
				BUNDLE_LOADER = "$(BUILT_PRODUCTS_DIR)/SwiftStudy3.app/SwiftStudy3";
				FRAMEWORK_SEARCH_PATHS = (
					"$(SDKROOT)/Developer/Library/Frameworks",
					"$(inherited)",
				);
				INFOPLIST_FILE = SwiftStudy3Tests/Info.plist;
				LD_RUNPATH_SEARCH_PATHS = "$(inherited) @executable_path/Frameworks @loader_path/Frameworks";
				METAL_ENABLE_DEBUG_INFO = NO;
				PRODUCT_NAME = DongwayDiaryTests;
				TEST_HOST = "$(BUNDLE_LOADER)";
			};
			name = Release;
		};
/* End XCBuildConfiguration section */

/* Begin XCConfigurationList section */
		2273D633194982AD00409B84 /* Build configuration list for PBXProject "DongwayDiary" */ = {
			isa = XCConfigurationList;
			buildConfigurations = (
				2273D652194982AD00409B84 /* Debug */,
				2273D653194982AD00409B84 /* Release */,
			);
			defaultConfigurationIsVisible = 0;
			defaultConfigurationName = Release;
		};
		2273D654194982AD00409B84 /* Build configuration list for PBXNativeTarget "DongwayDiary" */ = {
			isa = XCConfigurationList;
			buildConfigurations = (
				2273D655194982AD00409B84 /* Debug */,
				2273D656194982AD00409B84 /* Release */,
			);
			defaultConfigurationIsVisible = 0;
			defaultConfigurationName = Release;
		};
		2273D657194982AD00409B84 /* Build configuration list for PBXNativeTarget "DongwayDiaryTests" */ = {
			isa = XCConfigurationList;
			buildConfigurations = (
				2273D658194982AD00409B84 /* Debug */,
				2273D659194982AD00409B84 /* Release */,
			);
			defaultConfigurationIsVisible = 0;
			defaultConfigurationName = Release;
		};
/* End XCConfigurationList section */
	};
	rootObject = 2273D630194982AD00409B84 /* Project object */;
}
