// !$*UTF8*$!
{
	archiveVersion = 1;
	classes = {
	};
	objectVersion = 46;
	objects = {

/* Begin PBXBuildFile section */
		22019D70196A3E7F002DE462 /* UIMenuBar.m in Sources */ = {isa = PBXBuildFile; fileRef = 22019D6D196A3E7F002DE462 /* UIMenuBar.m */; settings = {COMPILER_FLAGS = "-fno-objc-arc"; }; };
		22019D71196A3E7F002DE462 /* UIMenuBarItem.m in Sources */ = {isa = PBXBuildFile; fileRef = 22019D6F196A3E7F002DE462 /* UIMenuBarItem.m */; settings = {COMPILER_FLAGS = "-fno-objc-arc"; }; };
		22039664196B896700426DA9 /* IconCollectionViewCell.swift in Sources */ = {isa = PBXBuildFile; fileRef = 22039663196B896700426DA9 /* IconCollectionViewCell.swift */; };
		22039666196B898800426DA9 /* IconCollectionViewCell.xib in Resources */ = {isa = PBXBuildFile; fileRef = 22039665196B898800426DA9 /* IconCollectionViewCell.xib */; };
		2209A71F194A7E8800DEA18B /* delete.png in Resources */ = {isa = PBXBuildFile; fileRef = 2209A715194A7E8800DEA18B /* delete.png */; };
		2209A720194A7E8800DEA18B /* diary.png in Resources */ = {isa = PBXBuildFile; fileRef = 2209A716194A7E8800DEA18B /* diary.png */; };
		2209A721194A7E8800DEA18B /* locate.png in Resources */ = {isa = PBXBuildFile; fileRef = 2209A717194A7E8800DEA18B /* locate.png */; };
		2209A722194A7E8800DEA18B /* modify.png in Resources */ = {isa = PBXBuildFile; fileRef = 2209A718194A7E8800DEA18B /* modify.png */; };
		2209A723194A7E8800DEA18B /* photo.png in Resources */ = {isa = PBXBuildFile; fileRef = 2209A719194A7E8800DEA18B /* photo.png */; };
		2209A724194A7E8800DEA18B /* privacy.png in Resources */ = {isa = PBXBuildFile; fileRef = 2209A71A194A7E8800DEA18B /* privacy.png */; };
		2209A725194A7E8800DEA18B /* set.png in Resources */ = {isa = PBXBuildFile; fileRef = 2209A71B194A7E8800DEA18B /* set.png */; };
		2209A726194A7E8800DEA18B /* share.png in Resources */ = {isa = PBXBuildFile; fileRef = 2209A71C194A7E8800DEA18B /* share.png */; };
		2209A727194A7E8800DEA18B /* voice.png in Resources */ = {isa = PBXBuildFile; fileRef = 2209A71D194A7E8800DEA18B /* voice.png */; };
		2209A728194A7E8800DEA18B /* weather.png in Resources */ = {isa = PBXBuildFile; fileRef = 2209A71E194A7E8800DEA18B /* weather.png */; };
		2209A72A194A7F5C00DEA18B /* diaryImg.jpg in Resources */ = {isa = PBXBuildFile; fileRef = 2209A729194A7F5C00DEA18B /* diaryImg.jpg */; };
		2209A730194A92CD00DEA18B /* DiaryModefyViewController.swift in Sources */ = {isa = PBXBuildFile; fileRef = 2209A72F194A92CD00DEA18B /* DiaryModefyViewController.swift */; };
		2209A741194ABCD900DEA18B /* DiaryCell.xib in Resources */ = {isa = PBXBuildFile; fileRef = 2209A740194ABCD900DEA18B /* DiaryCell.xib */; };
		2209A743194ABEC600DEA18B /* DiaryCell.swift in Sources */ = {isa = PBXBuildFile; fileRef = 2209A742194ABEC600DEA18B /* DiaryCell.swift */; };
		2209A746194AF9A500DEA18B /* Diary.swift in Sources */ = {isa = PBXBuildFile; fileRef = 2209A745194AF9A500DEA18B /* Diary.swift */; };
		222D6D28196949E2009C4EC4 /* DiaryListTableViewController.swift in Sources */ = {isa = PBXBuildFile; fileRef = 222D6D27196949E2009C4EC4 /* DiaryListTableViewController.swift */; };
		223C50F5196396510048AF71 /* libsqlite3.dylib in Frameworks */ = {isa = PBXBuildFile; fileRef = 223C50F4196396510048AF71 /* libsqlite3.dylib */; };
		225A40BF1952C422008E0E00 /* DiaryService.swift in Sources */ = {isa = PBXBuildFile; fileRef = 225A40BE1952C422008E0E00 /* DiaryService.swift */; };
		2273D63E194982AD00409B84 /* AppDelegate.swift in Sources */ = {isa = PBXBuildFile; fileRef = 2273D63D194982AD00409B84 /* AppDelegate.swift */; };
		2273D640194982AD00409B84 /* ViewController.swift in Sources */ = {isa = PBXBuildFile; fileRef = 2273D63F194982AD00409B84 /* ViewController.swift */; };
		2273D643194982AD00409B84 /* Main.storyboard in Resources */ = {isa = PBXBuildFile; fileRef = 2273D641194982AD00409B84 /* Main.storyboard */; };
		2273D645194982AD00409B84 /* Images.xcassets in Resources */ = {isa = PBXBuildFile; fileRef = 2273D644194982AD00409B84 /* Images.xcassets */; };
		2273D651194982AD00409B84 /* SwiftStudy3Tests.swift in Sources */ = {isa = PBXBuildFile; fileRef = 2273D650194982AD00409B84 /* SwiftStudy3Tests.swift */; };
		2273D66919499DED00409B84 /* ic_tab_artists_selected@2x.png in Resources */ = {isa = PBXBuildFile; fileRef = 2273D66719499DED00409B84 /* ic_tab_artists_selected@2x.png */; };
		2273D66A19499DED00409B84 /* ic_tab_artists_unselected@2x.png in Resources */ = {isa = PBXBuildFile; fileRef = 2273D66819499DED00409B84 /* ic_tab_artists_unselected@2x.png */; };
		2273D66D19499E5C00409B84 /* ic_tab_playlists_selected@2x.png in Resources */ = {isa = PBXBuildFile; fileRef = 2273D66B19499E5C00409B84 /* ic_tab_playlists_selected@2x.png */; };
		2273D66E19499E5C00409B84 /* ic_tab_playlists_unselected@2x.png in Resources */ = {isa = PBXBuildFile; fileRef = 2273D66C19499E5C00409B84 /* ic_tab_playlists_unselected@2x.png */; };
		228D13B6195291D700654855 /* DiaryList.plist in Resources */ = {isa = PBXBuildFile; fileRef = 228D13B5195291D600654855 /* DiaryList.plist */; };
		228D13B91952A1C500654855 /* DiaryDao.swift in Sources */ = {isa = PBXBuildFile; fileRef = 228D13B81952A1C500654855 /* DiaryDao.swift */; };
		22D3ABB419518748003DFCC9 /* Li_common.swift in Sources */ = {isa = PBXBuildFile; fileRef = 22D3ABB319518748003DFCC9 /* Li_common.swift */; };
/* End PBXBuildFile section */

/* Begin PBXContainerItemProxy section */
		2273D64B194982AD00409B84 /* PBXContainerItemProxy */ = {
			isa = PBXContainerItemProxy;
			containerPortal = 2273D630194982AD00409B84 /* Project object */;
			proxyType = 1;
			remoteGlobalIDString = 2273D637194982AD00409B84;
			remoteInfo = SwiftStudy3;
		};
		228D13B119527A6600654855 /* PBXContainerItemProxy */ = {
			isa = PBXContainerItemProxy;
			containerPortal = 2273D630194982AD00409B84 /* Project object */;
			proxyType = 1;
			remoteGlobalIDString = 2273D637194982AD00409B84;
			remoteInfo = SwiftStudy3;
		};
		228D13B319527A6600654855 /* PBXContainerItemProxy */ = {
			isa = PBXContainerItemProxy;
			containerPortal = 2273D630194982AD00409B84 /* Project object */;
			proxyType = 1;
			remoteGlobalIDString = 2273D637194982AD00409B84;
			remoteInfo = SwiftStudy3;
		};
/* End PBXContainerItemProxy section */

/* Begin PBXFileReference section */
		22019D6C196A3E7F002DE462 /* UIMenuBar.h */ = {isa = PBXFileReference; fileEncoding = 4; lastKnownFileType = sourcecode.c.h; name = UIMenuBar.h; path = tool/UIMenuBar/UIMenuBar.h; sourceTree = "<group>"; };
		22019D6D196A3E7F002DE462 /* UIMenuBar.m */ = {isa = PBXFileReference; fileEncoding = 4; lastKnownFileType = sourcecode.c.objc; name = UIMenuBar.m; path = tool/UIMenuBar/UIMenuBar.m; sourceTree = "<group>"; };
		22019D6E196A3E7F002DE462 /* UIMenuBarItem.h */ = {isa = PBXFileReference; fileEncoding = 4; lastKnownFileType = sourcecode.c.h; name = UIMenuBarItem.h; path = tool/UIMenuBar/UIMenuBarItem.h; sourceTree = "<group>"; };
		22019D6F196A3E7F002DE462 /* UIMenuBarItem.m */ = {isa = PBXFileReference; fileEncoding = 4; lastKnownFileType = sourcecode.c.objc; name = UIMenuBarItem.m; path = tool/UIMenuBar/UIMenuBarItem.m; sourceTree = "<group>"; };
		22039663196B896700426DA9 /* IconCollectionViewCell.swift */ = {isa = PBXFileReference; fileEncoding = 4; lastKnownFileType = sourcecode.swift; path = IconCollectionViewCell.swift; sourceTree = "<group>"; };
		22039665196B898800426DA9 /* IconCollectionViewCell.xib */ = {isa = PBXFileReference; fileEncoding = 4; lastKnownFileType = file.xib; path = IconCollectionViewCell.xib; sourceTree = "<group>"; };
		2209A715194A7E8800DEA18B /* delete.png */ = {isa = PBXFileReference; lastKnownFileType = image.png; path = delete.png; sourceTree = "<group>"; };
		2209A716194A7E8800DEA18B /* diary.png */ = {isa = PBXFileReference; lastKnownFileType = image.png; path = diary.png; sourceTree = "<group>"; };
		2209A717194A7E8800DEA18B /* locate.png */ = {isa = PBXFileReference; lastKnownFileType = image.png; path = locate.png; sourceTree = "<group>"; };
		2209A718194A7E8800DEA18B /* modify.png */ = {isa = PBXFileReference; lastKnownFileType = image.png; path = modify.png; sourceTree = "<group>"; };
		2209A719194A7E8800DEA18B /* photo.png */ = {isa = PBXFileReference; lastKnownFileType = image.png; path = photo.png; sourceTree = "<group>"; };
		2209A71A194A7E8800DEA18B /* privacy.png */ = {isa = PBXFileReference; lastKnownFileType = image.png; path = privacy.png; sourceTree = "<group>"; };
		2209A71B194A7E8800DEA18B /* set.png */ = {isa = PBXFileReference; lastKnownFileType = image.png; path = set.png; sourceTree = "<group>"; };
		2209A71C194A7E8800DEA18B /* share.png */ = {isa = PBXFileReference; lastKnownFileType = image.png; path = share.png; sourceTree = "<group>"; };
		2209A71D194A7E8800DEA18B /* voice.png */ = {isa = PBXFileReference; lastKnownFileType = image.png; path = voice.png; sourceTree = "<group>"; };
		2209A71E194A7E8800DEA18B /* weather.png */ = {isa = PBXFileReference; lastKnownFileType = image.png; path = weather.png; sourceTree = "<group>"; };
		2209A729194A7F5C00DEA18B /* diaryImg.jpg */ = {isa = PBXFileReference; lastKnownFileType = image.jpeg; path = diaryImg.jpg; sourceTree = "<group>"; };
		2209A72F194A92CD00DEA18B /* DiaryModefyViewController.swift */ = {isa = PBXFileReference; fileEncoding = 4; lastKnownFileType = sourcecode.swift; path = DiaryModefyViewController.swift; sourceTree = "<group>"; };
		2209A740194ABCD900DEA18B /* DiaryCell.xib */ = {isa = PBXFileReference; fileEncoding = 4; lastKnownFileType = file.xib; path = DiaryCell.xib; sourceTree = "<group>"; };
		2209A742194ABEC600DEA18B /* DiaryCell.swift */ = {isa = PBXFileReference; fileEncoding = 4; lastKnownFileType = sourcecode.swift; path = DiaryCell.swift; sourceTree = "<group>"; };
		2209A745194AF9A500DEA18B /* Diary.swift */ = {isa = PBXFileReference; fileEncoding = 4; lastKnownFileType = sourcecode.swift; path = Diary.swift; sourceTree = "<group>"; };
		222D6D27196949E2009C4EC4 /* DiaryListTableViewController.swift */ = {isa = PBXFileReference; fileEncoding = 4; lastKnownFileType = sourcecode.swift; path = DiaryListTableViewController.swift; sourceTree = "<group>"; };
		223C50F4196396510048AF71 /* libsqlite3.dylib */ = {isa = PBXFileReference; lastKnownFileType = "compiled.mach-o.dylib"; name = libsqlite3.dylib; path = usr/lib/libsqlite3.dylib; sourceTree = SDKROOT; };
		223C50F61963967E0048AF71 /* Mixed-Bridging.h */ = {isa = PBXFileReference; lastKnownFileType = sourcecode.c.h; path = "Mixed-Bridging.h"; sourceTree = "<group>"; };
		225A40BE1952C422008E0E00 /* DiaryService.swift */ = {isa = PBXFileReference; fileEncoding = 4; lastKnownFileType = sourcecode.swift; name = DiaryService.swift; path = Service/DiaryService.swift; sourceTree = "<group>"; };
		2273D638194982AD00409B84 /* SwiftStudy3.app */ = {isa = PBXFileReference; explicitFileType = wrapper.application; includeInIndex = 0; path = SwiftStudy3.app; sourceTree = BUILT_PRODUCTS_DIR; };
		2273D63C194982AD00409B84 /* Info.plist */ = {isa = PBXFileReference; lastKnownFileType = text.plist.xml; path = Info.plist; sourceTree = "<group>"; };
		2273D63D194982AD00409B84 /* AppDelegate.swift */ = {isa = PBXFileReference; lastKnownFileType = sourcecode.swift; path = AppDelegate.swift; sourceTree = "<group>"; };
		2273D63F194982AD00409B84 /* ViewController.swift */ = {isa = PBXFileReference; lastKnownFileType = sourcecode.swift; path = ViewController.swift; sourceTree = "<group>"; };
		2273D642194982AD00409B84 /* Base */ = {isa = PBXFileReference; lastKnownFileType = file.storyboard; name = Base; path = Base.lproj/Main.storyboard; sourceTree = "<group>"; };
		2273D644194982AD00409B84 /* Images.xcassets */ = {isa = PBXFileReference; lastKnownFileType = folder.assetcatalog; path = Images.xcassets; sourceTree = "<group>"; };
		2273D64A194982AD00409B84 /* SwiftStudy3Tests.xctest */ = {isa = PBXFileReference; explicitFileType = wrapper.cfbundle; includeInIndex = 0; path = SwiftStudy3Tests.xctest; sourceTree = BUILT_PRODUCTS_DIR; };
		2273D64F194982AD00409B84 /* Info.plist */ = {isa = PBXFileReference; lastKnownFileType = text.plist.xml; path = Info.plist; sourceTree = "<group>"; };
		2273D650194982AD00409B84 /* SwiftStudy3Tests.swift */ = {isa = PBXFileReference; lastKnownFileType = sourcecode.swift; path = SwiftStudy3Tests.swift; sourceTree = "<group>"; };
		2273D66719499DED00409B84 /* ic_tab_artists_selected@2x.png */ = {isa = PBXFileReference; lastKnownFileType = image.png; path = "ic_tab_artists_selected@2x.png"; sourceTree = "<group>"; };
		2273D66819499DED00409B84 /* ic_tab_artists_unselected@2x.png */ = {isa = PBXFileReference; lastKnownFileType = image.png; path = "ic_tab_artists_unselected@2x.png"; sourceTree = "<group>"; };
		2273D66B19499E5C00409B84 /* ic_tab_playlists_selected@2x.png */ = {isa = PBXFileReference; lastKnownFileType = image.png; path = "ic_tab_playlists_selected@2x.png"; sourceTree = "<group>"; };
		2273D66C19499E5C00409B84 /* ic_tab_playlists_unselected@2x.png */ = {isa = PBXFileReference; lastKnownFileType = image.png; path = "ic_tab_playlists_unselected@2x.png"; sourceTree = "<group>"; };
		228D13B5195291D600654855 /* DiaryList.plist */ = {isa = PBXFileReference; fileEncoding = 4; lastKnownFileType = text.plist.xml; path = DiaryList.plist; sourceTree = "<group>"; };
		228D13B81952A1C500654855 /* DiaryDao.swift */ = {isa = PBXFileReference; fileEncoding = 4; lastKnownFileType = sourcecode.swift; name = DiaryDao.swift; path = Dao/DiaryDao.swift; sourceTree = "<group>"; };
		22D3ABB319518748003DFCC9 /* Li_common.swift */ = {isa = PBXFileReference; fileEncoding = 4; lastKnownFileType = sourcecode.swift; name = Li_common.swift; path = tool/Li_common.swift; sourceTree = "<group>"; };
/* End PBXFileReference section */

/* Begin PBXFrameworksBuildPhase section */
		2273D635194982AD00409B84 /* Frameworks */ = {
			isa = PBXFrameworksBuildPhase;
			buildActionMask = 2147483647;
			files = (
				223C50F5196396510048AF71 /* libsqlite3.dylib in Frameworks */,
			);
			runOnlyForDeploymentPostprocessing = 0;
		};
		2273D647194982AD00409B84 /* Frameworks */ = {
			isa = PBXFrameworksBuildPhase;
			buildActionMask = 2147483647;
			files = (
			);
			runOnlyForDeploymentPostprocessing = 0;
		};
/* End PBXFrameworksBuildPhase section */

/* Begin PBXGroup section */
		22019D5B196A3D96002DE462 /* UIMenuBar */ = {
			isa = PBXGroup;
			children = (
				22019D6C196A3E7F002DE462 /* UIMenuBar.h */,
				22019D6D196A3E7F002DE462 /* UIMenuBar.m */,
				22019D6E196A3E7F002DE462 /* UIMenuBarItem.h */,
				22019D6F196A3E7F002DE462 /* UIMenuBarItem.m */,
			);
			name = UIMenuBar;
			sourceTree = "<group>";
		};
		2209A744194AF97000DEA18B /* Model */ = {
			isa = PBXGroup;
			children = (
				2209A745194AF9A500DEA18B /* Diary.swift */,
			);
			name = Model;
			sourceTree = "<group>";
		};
		223C50F3196396370048AF71 /* lib */ = {
			isa = PBXGroup;
			children = (
				223C50F4196396510048AF71 /* libsqlite3.dylib */,
			);
			name = lib;
			sourceTree = "<group>";
		};
		225A40BD1952C3F9008E0E00 /* Service */ = {
			isa = PBXGroup;
			children = (
				225A40BE1952C422008E0E00 /* DiaryService.swift */,
			);
			name = Service;
			sourceTree = "<group>";
		};
		2273D62F194982AD00409B84 = {
			isa = PBXGroup;
			children = (
				2273D63A194982AD00409B84 /* SwiftStudy3 */,
				2273D64D194982AD00409B84 /* SwiftStudy3Tests */,
				2273D639194982AD00409B84 /* Products */,
			);
			sourceTree = "<group>";
		};
		2273D639194982AD00409B84 /* Products */ = {
			isa = PBXGroup;
			children = (
				2273D638194982AD00409B84 /* SwiftStudy3.app */,
				2273D64A194982AD00409B84 /* SwiftStudy3Tests.xctest */,
			);
			name = Products;
			sourceTree = "<group>";
		};
		2273D63A194982AD00409B84 /* SwiftStudy3 */ = {
			isa = PBXGroup;
			children = (
				223C50F3196396370048AF71 /* lib */,
				225A40BD1952C3F9008E0E00 /* Service */,
				22D3ABB219518713003DFCC9 /* tool */,
				228D13B71952A19300654855 /* Dao */,
				2209A744194AF97000DEA18B /* Model */,
				2273D66519499DE200409B84 /* source */,
				2273D65A1949904200409B84 /* diary */,
				2273D63D194982AD00409B84 /* AppDelegate.swift */,
				2273D63F194982AD00409B84 /* ViewController.swift */,
				2273D641194982AD00409B84 /* Main.storyboard */,
				2273D644194982AD00409B84 /* Images.xcassets */,
				2273D63B194982AD00409B84 /* Supporting Files */,
			);
			path = SwiftStudy3;
			sourceTree = "<group>";
		};
		2273D63B194982AD00409B84 /* Supporting Files */ = {
			isa = PBXGroup;
			children = (
				2273D63C194982AD00409B84 /* Info.plist */,
				228D13B5195291D600654855 /* DiaryList.plist */,
				223C50F61963967E0048AF71 /* Mixed-Bridging.h */,
			);
			name = "Supporting Files";
			sourceTree = "<group>";
		};
		2273D64D194982AD00409B84 /* SwiftStudy3Tests */ = {
			isa = PBXGroup;
			children = (
				2273D650194982AD00409B84 /* SwiftStudy3Tests.swift */,
				2273D64E194982AD00409B84 /* Supporting Files */,
			);
			path = SwiftStudy3Tests;
			sourceTree = "<group>";
		};
		2273D64E194982AD00409B84 /* Supporting Files */ = {
			isa = PBXGroup;
			children = (
				2273D64F194982AD00409B84 /* Info.plist */,
			);
			name = "Supporting Files";
			sourceTree = "<group>";
		};
		2273D65A1949904200409B84 /* diary */ = {
			isa = PBXGroup;
			children = (
				222D6D27196949E2009C4EC4 /* DiaryListTableViewController.swift */,
				2209A72F194A92CD00DEA18B /* DiaryModefyViewController.swift */,
				2209A740194ABCD900DEA18B /* DiaryCell.xib */,
				2209A742194ABEC600DEA18B /* DiaryCell.swift */,
				22039663196B896700426DA9 /* IconCollectionViewCell.swift */,
				22039665196B898800426DA9 /* IconCollectionViewCell.xib */,
			);
			name = diary;
			sourceTree = "<group>";
		};
		2273D66519499DE200409B84 /* source */ = {
			isa = PBXGroup;
			children = (
				2273D66619499DE200409B84 /* images */,
			);
			path = source;
			sourceTree = "<group>";
		};
		2273D66619499DE200409B84 /* images */ = {
			isa = PBXGroup;
			children = (
				2209A729194A7F5C00DEA18B /* diaryImg.jpg */,
				2209A715194A7E8800DEA18B /* delete.png */,
				2209A716194A7E8800DEA18B /* diary.png */,
				2209A717194A7E8800DEA18B /* locate.png */,
				2209A718194A7E8800DEA18B /* modify.png */,
				2209A719194A7E8800DEA18B /* photo.png */,
				2209A71A194A7E8800DEA18B /* privacy.png */,
				2209A71B194A7E8800DEA18B /* set.png */,
				2209A71C194A7E8800DEA18B /* share.png */,
				2209A71D194A7E8800DEA18B /* voice.png */,
				2209A71E194A7E8800DEA18B /* weather.png */,
				2273D66B19499E5C00409B84 /* ic_tab_playlists_selected@2x.png */,
				2273D66C19499E5C00409B84 /* ic_tab_playlists_unselected@2x.png */,
				2273D66719499DED00409B84 /* ic_tab_artists_selected@2x.png */,
				2273D66819499DED00409B84 /* ic_tab_artists_unselected@2x.png */,
			);
			path = images;
			sourceTree = "<group>";
		};
		228D13B71952A19300654855 /* Dao */ = {
			isa = PBXGroup;
			children = (
				228D13B81952A1C500654855 /* DiaryDao.swift */,
			);
			name = Dao;
			sourceTree = "<group>";
		};
		22D3ABB219518713003DFCC9 /* tool */ = {
			isa = PBXGroup;
			children = (
				22019D5B196A3D96002DE462 /* UIMenuBar */,
				22D3ABB319518748003DFCC9 /* Li_common.swift */,
			);
			name = tool;
			sourceTree = "<group>";
		};
/* End PBXGroup section */

/* Begin PBXNativeTarget section */
		2273D637194982AD00409B84 /* SwiftStudy3 */ = {
			isa = PBXNativeTarget;
			buildConfigurationList = 2273D654194982AD00409B84 /* Build configuration list for PBXNativeTarget "SwiftStudy3" */;
			buildPhases = (
				2273D634194982AD00409B84 /* Sources */,
				2273D635194982AD00409B84 /* Frameworks */,
				2273D636194982AD00409B84 /* Resources */,
			);
			buildRules = (
			);
			dependencies = (
			);
			name = SwiftStudy3;
			productName = SwiftStudy3;
			productReference = 2273D638194982AD00409B84 /* SwiftStudy3.app */;
			productType = "com.apple.product-type.application";
		};
		2273D649194982AD00409B84 /* SwiftStudy3Tests */ = {
			isa = PBXNativeTarget;
			buildConfigurationList = 2273D657194982AD00409B84 /* Build configuration list for PBXNativeTarget "SwiftStudy3Tests" */;
			buildPhases = (
				2273D646194982AD00409B84 /* Sources */,
				2273D647194982AD00409B84 /* Frameworks */,
				2273D648194982AD00409B84 /* Resources */,
			);
			buildRules = (
			);
			dependencies = (
				2273D64C194982AD00409B84 /* PBXTargetDependency */,
				228D13B219527A6600654855 /* PBXTargetDependency */,
				228D13B419527A6600654855 /* PBXTargetDependency */,
			);
			name = SwiftStudy3Tests;
			productName = SwiftStudy3Tests;
			productReference = 2273D64A194982AD00409B84 /* SwiftStudy3Tests.xctest */;
			productType = "com.apple.product-type.bundle.unit-test";
		};
/* End PBXNativeTarget section */

/* Begin PBXProject section */
		2273D630194982AD00409B84 /* Project object */ = {
			isa = PBXProject;
			attributes = {
				LastUpgradeCheck = 0600;
				ORGANIZATIONNAME = dongway;
				TargetAttributes = {
					2273D637194982AD00409B84 = {
						CreatedOnToolsVersion = 6.0;
						DevelopmentTeam = 4QF3FC6299;
					};
					2273D649194982AD00409B84 = {
						CreatedOnToolsVersion = 6.0;
						TestTargetID = 2273D637194982AD00409B84;
					};
				};
			};
			buildConfigurationList = 2273D633194982AD00409B84 /* Build configuration list for PBXProject "SwiftStudy3" */;
			compatibilityVersion = "Xcode 3.2";
			developmentRegion = English;
			hasScannedForEncodings = 0;
			knownRegions = (
				en,
				Base,
			);
			mainGroup = 2273D62F194982AD00409B84;
			productRefGroup = 2273D639194982AD00409B84 /* Products */;
			projectDirPath = "";
			projectRoot = "";
			targets = (
				2273D637194982AD00409B84 /* SwiftStudy3 */,
				2273D649194982AD00409B84 /* SwiftStudy3Tests */,
			);
		};
/* End PBXProject section */

/* Begin PBXResourcesBuildPhase section */
		2273D636194982AD00409B84 /* Resources */ = {
			isa = PBXResourcesBuildPhase;
			buildActionMask = 2147483647;
			files = (
				2273D66E19499E5C00409B84 /* ic_tab_playlists_unselected@2x.png in Resources */,
				2273D643194982AD00409B84 /* Main.storyboard in Resources */,
				2273D66919499DED00409B84 /* ic_tab_artists_selected@2x.png in Resources */,
				2209A726194A7E8800DEA18B /* share.png in Resources */,
				2273D66A19499DED00409B84 /* ic_tab_artists_unselected@2x.png in Resources */,
				2209A724194A7E8800DEA18B /* privacy.png in Resources */,
				2209A71F194A7E8800DEA18B /* delete.png in Resources */,
				2209A721194A7E8800DEA18B /* locate.png in Resources */,
				2209A725194A7E8800DEA18B /* set.png in Resources */,
				2209A720194A7E8800DEA18B /* diary.png in Resources */,
				2209A72A194A7F5C00DEA18B /* diaryImg.jpg in Resources */,
				2209A722194A7E8800DEA18B /* modify.png in Resources */,
				2273D66D19499E5C00409B84 /* ic_tab_playlists_selected@2x.png in Resources */,
				2209A741194ABCD900DEA18B /* DiaryCell.xib in Resources */,
				2209A727194A7E8800DEA18B /* voice.png in Resources */,
				22039666196B898800426DA9 /* IconCollectionViewCell.xib in Resources */,
				2273D645194982AD00409B84 /* Images.xcassets in Resources */,
				2209A728194A7E8800DEA18B /* weather.png in Resources */,
				2209A723194A7E8800DEA18B /* photo.png in Resources */,
				228D13B6195291D700654855 /* DiaryList.plist in Resources */,
			);
			runOnlyForDeploymentPostprocessing = 0;
		};
		2273D648194982AD00409B84 /* Resources */ = {
			isa = PBXResourcesBuildPhase;
			buildActionMask = 2147483647;
			files = (
			);
			runOnlyForDeploymentPostprocessing = 0;
		};
/* End PBXResourcesBuildPhase section */

/* Begin PBXSourcesBuildPhase section */
		2273D634194982AD00409B84 /* Sources */ = {
			isa = PBXSourcesBuildPhase;
			buildActionMask = 2147483647;
			files = (
				22019D70196A3E7F002DE462 /* UIMenuBar.m in Sources */,
				2273D640194982AD00409B84 /* ViewController.swift in Sources */,
				2209A730194A92CD00DEA18B /* DiaryModefyViewController.swift in Sources */,
				22D3ABB419518748003DFCC9 /* Li_common.swift in Sources */,
				2209A743194ABEC600DEA18B /* DiaryCell.swift in Sources */,
				2273D63E194982AD00409B84 /* AppDelegate.swift in Sources */,
				228D13B91952A1C500654855 /* DiaryDao.swift in Sources */,
				22019D71196A3E7F002DE462 /* UIMenuBarItem.m in Sources */,
				2209A746194AF9A500DEA18B /* Diary.swift in Sources */,
				222D6D28196949E2009C4EC4 /* DiaryListTableViewController.swift in Sources */,
				225A40BF1952C422008E0E00 /* DiaryService.swift in Sources */,
				22039664196B896700426DA9 /* IconCollectionViewCell.swift in Sources */,
			);
			runOnlyForDeploymentPostprocessing = 0;
		};
		2273D646194982AD00409B84 /* Sources */ = {
			isa = PBXSourcesBuildPhase;
			buildActionMask = 2147483647;
			files = (
				2273D651194982AD00409B84 /* SwiftStudy3Tests.swift in Sources */,
			);
			runOnlyForDeploymentPostprocessing = 0;
		};
/* End PBXSourcesBuildPhase section */

/* Begin PBXTargetDependency section */
		2273D64C194982AD00409B84 /* PBXTargetDependency */ = {
			isa = PBXTargetDependency;
			target = 2273D637194982AD00409B84 /* SwiftStudy3 */;
			targetProxy = 2273D64B194982AD00409B84 /* PBXContainerItemProxy */;
		};
		228D13B219527A6600654855 /* PBXTargetDependency */ = {
			isa = PBXTargetDependency;
			target = 2273D637194982AD00409B84 /* SwiftStudy3 */;
			targetProxy = 228D13B119527A6600654855 /* PBXContainerItemProxy */;
		};
		228D13B419527A6600654855 /* PBXTargetDependency */ = {
			isa = PBXTargetDependency;
			target = 2273D637194982AD00409B84 /* SwiftStudy3 */;
			targetProxy = 228D13B319527A6600654855 /* PBXContainerItemProxy */;
		};
/* End PBXTargetDependency section */

/* Begin PBXVariantGroup section */
		2273D641194982AD00409B84 /* Main.storyboard */ = {
			isa = PBXVariantGroup;
			children = (
				2273D642194982AD00409B84 /* Base */,
			);
			name = Main.storyboard;
			sourceTree = "<group>";
		};
/* End PBXVariantGroup section */

/* Begin XCBuildConfiguration section */
		2273D652194982AD00409B84 /* Debug */ = {
			isa = XCBuildConfiguration;
			buildSettings = {
				ALWAYS_SEARCH_USER_PATHS = NO;
				CLANG_CXX_LANGUAGE_STANDARD = "gnu++0x";
				CLANG_CXX_LIBRARY = "libc++";
				CLANG_ENABLE_MODULES = YES;
				CLANG_ENABLE_OBJC_ARC = YES;
				CLANG_WARN_BOOL_CONVERSION = YES;
				CLANG_WARN_CONSTANT_CONVERSION = YES;
				CLANG_WARN_DIRECT_OBJC_ISA_USAGE = YES_ERROR;
				CLANG_WARN_EMPTY_BODY = YES;
				CLANG_WARN_ENUM_CONVERSION = YES;
				CLANG_WARN_INT_CONVERSION = YES;
				CLANG_WARN_OBJC_ROOT_CLASS = YES_ERROR;
				CLANG_WARN_UNREACHABLE_CODE = YES;
				CLANG_WARN__DUPLICATE_METHOD_MATCH = YES;
				CODE_SIGN_IDENTITY = "iPhone Developer: Martin Martin (HQXHNBL3NG)";
				"CODE_SIGN_IDENTITY[sdk=iphoneos*]" = "iPhone Developer: Martin Martin (HQXHNBL3NG)";
				COPY_PHASE_STRIP = NO;
				ENABLE_STRICT_OBJC_MSGSEND = YES;
				GCC_C_LANGUAGE_STANDARD = gnu99;
				GCC_DYNAMIC_NO_PIC = NO;
				GCC_OPTIMIZATION_LEVEL = 0;
				GCC_PREPROCESSOR_DEFINITIONS = (
					"DEBUG=1",
					"$(inherited)",
				);
				GCC_SYMBOLS_PRIVATE_EXTERN = NO;
				GCC_WARN_64_TO_32_BIT_CONVERSION = YES;
				GCC_WARN_ABOUT_RETURN_TYPE = YES_ERROR;
				GCC_WARN_UNDECLARED_SELECTOR = YES;
				GCC_WARN_UNINITIALIZED_AUTOS = YES_AGGRESSIVE;
				GCC_WARN_UNUSED_FUNCTION = YES;
				GCC_WARN_UNUSED_VARIABLE = YES;
				IPHONEOS_DEPLOYMENT_TARGET = 7.1;
				METAL_ENABLE_DEBUG_INFO = YES;
				ONLY_ACTIVE_ARCH = YES;
				SDKROOT = iphoneos;
				SWIFT_OPTIMIZATION_LEVEL = "-Onone";
			};
			name = Debug;
		};
		2273D653194982AD00409B84 /* Release */ = {
			isa = XCBuildConfiguration;
			buildSettings = {
				ALWAYS_SEARCH_USER_PATHS = NO;
				CLANG_CXX_LANGUAGE_STANDARD = "gnu++0x";
				CLANG_CXX_LIBRARY = "libc++";
				CLANG_ENABLE_MODULES = YES;
				CLANG_ENABLE_OBJC_ARC = YES;
				CLANG_WARN_BOOL_CONVERSION = YES;
				CLANG_WARN_CONSTANT_CONVERSION = YES;
				CLANG_WARN_DIRECT_OBJC_ISA_USAGE = YES_ERROR;
				CLANG_WARN_EMPTY_BODY = YES;
				CLANG_WARN_ENUM_CONVERSION = YES;
				CLANG_WARN_INT_CONVERSION = YES;
				CLANG_WARN_OBJC_ROOT_CLASS = YES_ERROR;
				CLANG_WARN_UNREACHABLE_CODE = YES;
				CLANG_WARN__DUPLICATE_METHOD_MATCH = YES;
				"CODE_SIGN_IDENTITY[sdk=iphoneos*]" = "iPhone Developer";
				COPY_PHASE_STRIP = YES;
				ENABLE_NS_ASSERTIONS = NO;
				ENABLE_STRICT_OBJC_MSGSEND = YES;
				GCC_C_LANGUAGE_STANDARD = gnu99;
				GCC_WARN_64_TO_32_BIT_CONVERSION = YES;
				GCC_WARN_ABOUT_RETURN_TYPE = YES_ERROR;
				GCC_WARN_UNDECLARED_SELECTOR = YES;
				GCC_WARN_UNINITIALIZED_AUTOS = YES_AGGRESSIVE;
				GCC_WARN_UNUSED_FUNCTION = YES;
				GCC_WARN_UNUSED_VARIABLE = YES;
				IPHONEOS_DEPLOYMENT_TARGET = 7.1;
				METAL_ENABLE_DEBUG_INFO = NO;
				SDKROOT = iphoneos;
				VALIDATE_PRODUCT = YES;
			};
			name = Release;
		};
		2273D655194982AD00409B84 /* Debug */ = {
			isa = XCBuildConfiguration;
			buildSettings = {
				ASSETCATALOG_COMPILER_APPICON_NAME = AppIcon;
				ASSETCATALOG_COMPILER_LAUNCHIMAGE_NAME = LaunchImage;
				CLANG_ENABLE_MODULES = YES;
				INFOPLIST_FILE = SwiftStudy3/Info.plist;
				LD_RUNPATH_SEARCH_PATHS = "$(inherited) @executable_path/Frameworks";
				PRODUCT_NAME = "$(TARGET_NAME)";
				SWIFT_OBJC_BRIDGING_HEADER = "SwiftStudy3/Mixed-Bridging.h";
				SWIFT_OPTIMIZATION_LEVEL = "-Onone";
			};
			name = Debug;
		};
		2273D656194982AD00409B84 /* Release */ = {
			isa = XCBuildConfiguration;
			buildSettings = {
				ASSETCATALOG_COMPILER_APPICON_NAME = AppIcon;
				ASSETCATALOG_COMPILER_LAUNCHIMAGE_NAME = LaunchImage;
				CLANG_ENABLE_MODULES = YES;
				INFOPLIST_FILE = SwiftStudy3/Info.plist;
				LD_RUNPATH_SEARCH_PATHS = "$(inherited) @executable_path/Frameworks";
				PRODUCT_NAME = "$(TARGET_NAME)";
				SWIFT_OBJC_BRIDGING_HEADER = "SwiftStudy3/Mixed-Bridging.h";
			};
			name = Release;
		};
		2273D658194982AD00409B84 /* Debug */ = {
			isa = XCBuildConfiguration;
			buildSettings = {
				BUNDLE_LOADER = "$(BUILT_PRODUCTS_DIR)/SwiftStudy3.app/SwiftStudy3";
				FRAMEWORK_SEARCH_PATHS = (
					"$(SDKROOT)/Developer/Library/Frameworks",
					"$(inherited)",
				);
				GCC_PREPROCESSOR_DEFINITIONS = (
					"DEBUG=1",
					"$(inherited)",
				);
				INFOPLIST_FILE = SwiftStudy3Tests/Info.plist;
				LD_RUNPATH_SEARCH_PATHS = "$(inherited) @executable_path/Frameworks @loader_path/Frameworks";
				METAL_ENABLE_DEBUG_INFO = YES;
				PRODUCT_NAME = "$(TARGET_NAME)";
				TEST_HOST = "$(BUNDLE_LOADER)";
			};
			name = Debug;
		};
		2273D659194982AD00409B84 /* Release */ = {
			isa = XCBuildConfiguration;
			buildSettings = {
				BUNDLE_LOADER = "$(BUILT_PRODUCTS_DIR)/SwiftStudy3.app/SwiftStudy3";
				FRAMEWORK_SEARCH_PATHS = (
					"$(SDKROOT)/Developer/Library/Frameworks",
					"$(inherited)",
				);
				INFOPLIST_FILE = SwiftStudy3Tests/Info.plist;
				LD_RUNPATH_SEARCH_PATHS = "$(inherited) @executable_path/Frameworks @loader_path/Frameworks";
				METAL_ENABLE_DEBUG_INFO = NO;
				PRODUCT_NAME = "$(TARGET_NAME)";
				TEST_HOST = "$(BUNDLE_LOADER)";
			};
			name = Release;
		};
/* End XCBuildConfiguration section */

/* Begin XCConfigurationList section */
		2273D633194982AD00409B84 /* Build configuration list for PBXProject "SwiftStudy3" */ = {
			isa = XCConfigurationList;
			buildConfigurations = (
				2273D652194982AD00409B84 /* Debug */,
				2273D653194982AD00409B84 /* Release */,
			);
			defaultConfigurationIsVisible = 0;
			defaultConfigurationName = Release;
		};
		2273D654194982AD00409B84 /* Build configuration list for PBXNativeTarget "SwiftStudy3" */ = {
			isa = XCConfigurationList;
			buildConfigurations = (
				2273D655194982AD00409B84 /* Debug */,
				2273D656194982AD00409B84 /* Release */,
			);
			defaultConfigurationIsVisible = 0;
			defaultConfigurationName = Release;
		};
		2273D657194982AD00409B84 /* Build configuration list for PBXNativeTarget "SwiftStudy3Tests" */ = {
			isa = XCConfigurationList;
			buildConfigurations = (
				2273D658194982AD00409B84 /* Debug */,
				2273D659194982AD00409B84 /* Release */,
			);
			defaultConfigurationIsVisible = 0;
			defaultConfigurationName = Release;
		};
/* End XCConfigurationList section */
	};
	rootObject = 2273D630194982AD00409B84 /* Project object */;
}
